// !$*UTF8*$!
{
	archiveVersion = 1;
	classes = {
	};
	objectVersion = 50;
	objects = {

/* Begin PBXBuildFile section */
		8C6EDC362226CF9000D370C0 /* AppDelegate.swift in Sources */ = {isa = PBXBuildFile; fileRef = 8C6EDC352226CF9000D370C0 /* AppDelegate.swift */; };
		8C6EDC382226CF9000D370C0 /* OldDictionaryViewController.swift in Sources */ = {isa = PBXBuildFile; fileRef = 8C6EDC372226CF9000D370C0 /* OldDictionaryViewController.swift */; };
		8C6EDC3B2226CF9000D370C0 /* Main.storyboard in Resources */ = {isa = PBXBuildFile; fileRef = 8C6EDC392226CF9000D370C0 /* Main.storyboard */; };
		8C6EDC3D2226CF9100D370C0 /* Assets.xcassets in Resources */ = {isa = PBXBuildFile; fileRef = 8C6EDC3C2226CF9100D370C0 /* Assets.xcassets */; };
		8C6EDC402226CF9100D370C0 /* LaunchScreen.storyboard in Resources */ = {isa = PBXBuildFile; fileRef = 8C6EDC3E2226CF9100D370C0 /* LaunchScreen.storyboard */; };
		8C6EDC492226F27000D370C0 /* SignCell.swift in Sources */ = {isa = PBXBuildFile; fileRef = 8C6EDC482226F27000D370C0 /* SignCell.swift */; };
		8C6EDC4C2226F28D00D370C0 /* Signs.swift in Sources */ = {isa = PBXBuildFile; fileRef = 8C6EDC4B2226F28D00D370C0 /* Signs.swift */; };
		8C6EDC4E2227093800D370C0 /* csv.swift in Sources */ = {isa = PBXBuildFile; fileRef = 8C6EDC4D2227093800D370C0 /* csv.swift */; };
		8C6EDC502227093F00D370C0 /* pokemon.csv in Resources */ = {isa = PBXBuildFile; fileRef = 8C6EDC4F2227093F00D370C0 /* pokemon.csv */; };
		8C6EDC54222711E800D370C0 /* signs.csv in Resources */ = {isa = PBXBuildFile; fileRef = 8C6EDC53222711E700D370C0 /* signs.csv */; };
		8C6EDC56222713F600D370C0 /* signs-all.csv in Resources */ = {isa = PBXBuildFile; fileRef = 8C6EDC55222713F600D370C0 /* signs-all.csv */; };
		8C6EDC5822271E1600D370C0 /* MainTableViewController.swift in Sources */ = {isa = PBXBuildFile; fileRef = 8C6EDC5722271E1600D370C0 /* MainTableViewController.swift */; };
		8C6EDC7D2228463500D370C0 /* SignTableViewCell.swift in Sources */ = {isa = PBXBuildFile; fileRef = 8C6EDC7C2228463500D370C0 /* SignTableViewCell.swift */; };
		8C6EDC7F22287BF200D370C0 /* DetailViewController.swift in Sources */ = {isa = PBXBuildFile; fileRef = 8C6EDC7E22287BF200D370C0 /* DetailViewController.swift */; };
		8CA177C82236A14E00192679 /* DictionaryTableViewController.swift in Sources */ = {isa = PBXBuildFile; fileRef = 8CA177C72236A14E00192679 /* DictionaryTableViewController.swift */; };
		8CA177CA2236A84000192679 /* DictionaryTableViewCell.swift in Sources */ = {isa = PBXBuildFile; fileRef = 8CA177C92236A84000192679 /* DictionaryTableViewCell.swift */; };
		8CF4EC4C223A8D16004728A6 /* DictionaryDetailViewController.swift in Sources */ = {isa = PBXBuildFile; fileRef = 8CF4EC4B223A8D16004728A6 /* DictionaryDetailViewController.swift */; };
		8CF8FF7E2242706800C9E1E2 /* TabBarController.swift in Sources */ = {isa = PBXBuildFile; fileRef = 8CF8FF7D2242706800C9E1E2 /* TabBarController.swift */; };
/* End PBXBuildFile section */

/* Begin PBXFileReference section */
		8C6EDC322226CF9000D370C0 /* LASDictionaryV2.app */ = {isa = PBXFileReference; explicitFileType = wrapper.application; includeInIndex = 0; path = LASDictionaryV2.app; sourceTree = BUILT_PRODUCTS_DIR; };
		8C6EDC352226CF9000D370C0 /* AppDelegate.swift */ = {isa = PBXFileReference; lastKnownFileType = sourcecode.swift; path = AppDelegate.swift; sourceTree = "<group>"; };
		8C6EDC372226CF9000D370C0 /* OldDictionaryViewController.swift */ = {isa = PBXFileReference; lastKnownFileType = sourcecode.swift; path = OldDictionaryViewController.swift; sourceTree = "<group>"; };
		8C6EDC3A2226CF9000D370C0 /* Base */ = {isa = PBXFileReference; lastKnownFileType = file.storyboard; name = Base; path = Base.lproj/Main.storyboard; sourceTree = "<group>"; };
		8C6EDC3C2226CF9100D370C0 /* Assets.xcassets */ = {isa = PBXFileReference; lastKnownFileType = folder.assetcatalog; path = Assets.xcassets; sourceTree = "<group>"; };
		8C6EDC3F2226CF9100D370C0 /* Base */ = {isa = PBXFileReference; lastKnownFileType = file.storyboard; name = Base; path = Base.lproj/LaunchScreen.storyboard; sourceTree = "<group>"; };
		8C6EDC412226CF9100D370C0 /* Info.plist */ = {isa = PBXFileReference; lastKnownFileType = text.plist.xml; path = Info.plist; sourceTree = "<group>"; };
		8C6EDC482226F27000D370C0 /* SignCell.swift */ = {isa = PBXFileReference; lastKnownFileType = sourcecode.swift; path = SignCell.swift; sourceTree = "<group>"; };
		8C6EDC4B2226F28D00D370C0 /* Signs.swift */ = {isa = PBXFileReference; lastKnownFileType = sourcecode.swift; path = Signs.swift; sourceTree = "<group>"; };
		8C6EDC4D2227093800D370C0 /* csv.swift */ = {isa = PBXFileReference; fileEncoding = 4; lastKnownFileType = sourcecode.swift; path = csv.swift; sourceTree = "<group>"; };
		8C6EDC4F2227093F00D370C0 /* pokemon.csv */ = {isa = PBXFileReference; fileEncoding = 4; lastKnownFileType = text; path = pokemon.csv; sourceTree = "<group>"; };
		8C6EDC53222711E700D370C0 /* signs.csv */ = {isa = PBXFileReference; fileEncoding = 4; lastKnownFileType = text; path = signs.csv; sourceTree = "<group>"; };
		8C6EDC55222713F600D370C0 /* signs-all.csv */ = {isa = PBXFileReference; fileEncoding = 4; lastKnownFileType = text; path = "signs-all.csv"; sourceTree = "<group>"; };
		8C6EDC5722271E1600D370C0 /* MainTableViewController.swift */ = {isa = PBXFileReference; lastKnownFileType = sourcecode.swift; path = MainTableViewController.swift; sourceTree = "<group>"; };
		8C6EDC7C2228463500D370C0 /* SignTableViewCell.swift */ = {isa = PBXFileReference; lastKnownFileType = sourcecode.swift; path = SignTableViewCell.swift; sourceTree = "<group>"; };
		8C6EDC7E22287BF200D370C0 /* DetailViewController.swift */ = {isa = PBXFileReference; lastKnownFileType = sourcecode.swift; path = DetailViewController.swift; sourceTree = "<group>"; };
		8CA177C72236A14E00192679 /* DictionaryTableViewController.swift */ = {isa = PBXFileReference; lastKnownFileType = sourcecode.swift; path = DictionaryTableViewController.swift; sourceTree = "<group>"; };
		8CA177C92236A84000192679 /* DictionaryTableViewCell.swift */ = {isa = PBXFileReference; lastKnownFileType = sourcecode.swift; path = DictionaryTableViewCell.swift; sourceTree = "<group>"; };
		8CF4EC4B223A8D16004728A6 /* DictionaryDetailViewController.swift */ = {isa = PBXFileReference; lastKnownFileType = sourcecode.swift; path = DictionaryDetailViewController.swift; sourceTree = "<group>"; };
		8CF8FF7D2242706800C9E1E2 /* TabBarController.swift */ = {isa = PBXFileReference; lastKnownFileType = sourcecode.swift; path = TabBarController.swift; sourceTree = "<group>"; };
/* End PBXFileReference section */

/* Begin PBXFrameworksBuildPhase section */
		8C6EDC2F2226CF9000D370C0 /* Frameworks */ = {
			isa = PBXFrameworksBuildPhase;
			buildActionMask = 2147483647;
			files = (
			);
			runOnlyForDeploymentPostprocessing = 0;
		};
/* End PBXFrameworksBuildPhase section */

/* Begin PBXGroup section */
		8C6EDC292226CF8F00D370C0 = {
			isa = PBXGroup;
			children = (
				8CF8FF7D2242706800C9E1E2 /* TabBarController.swift */,
				8C6EDC342226CF9000D370C0 /* LASDictionaryV2 */,
				8C6EDC332226CF9000D370C0 /* Products */,
			);
			sourceTree = "<group>";
		};
		8C6EDC332226CF9000D370C0 /* Products */ = {
			isa = PBXGroup;
			children = (
				8C6EDC322226CF9000D370C0 /* LASDictionaryV2.app */,
			);
			name = Products;
			sourceTree = "<group>";
		};
		8C6EDC342226CF9000D370C0 /* LASDictionaryV2 */ = {
			isa = PBXGroup;
			children = (
				8C6EDC4A2226F27D00D370C0 /* Model */,
				8C6EDC472226F25600D370C0 /* View */,
				8C6EDC352226CF9000D370C0 /* AppDelegate.swift */,
				8C6EDC7E22287BF200D370C0 /* DetailViewController.swift */,
				8C6EDC372226CF9000D370C0 /* OldDictionaryViewController.swift */,
				8CA177C72236A14E00192679 /* DictionaryTableViewController.swift */,
				8C6EDC5722271E1600D370C0 /* MainTableViewController.swift */,
				8C6EDC5922271F0E00D370C0 /* CSV */,
				8C6EDC392226CF9000D370C0 /* Main.storyboard */,
				8C6EDC4D2227093800D370C0 /* csv.swift */,
				8C6EDC3C2226CF9100D370C0 /* Assets.xcassets */,
				8C6EDC3E2226CF9100D370C0 /* LaunchScreen.storyboard */,
				8C6EDC412226CF9100D370C0 /* Info.plist */,
			);
			path = LASDictionaryV2;
			sourceTree = "<group>";
		};
		8C6EDC472226F25600D370C0 /* View */ = {
			isa = PBXGroup;
			children = (
				8C6EDC482226F27000D370C0 /* SignCell.swift */,
				8C6EDC7C2228463500D370C0 /* SignTableViewCell.swift */,
				8CA177C92236A84000192679 /* DictionaryTableViewCell.swift */,
				8CF4EC4B223A8D16004728A6 /* DictionaryDetailViewController.swift */,
			);
			path = View;
			sourceTree = "<group>";
		};
		8C6EDC4A2226F27D00D370C0 /* Model */ = {
			isa = PBXGroup;
			children = (
				8C6EDC4B2226F28D00D370C0 /* Signs.swift */,
			);
			path = Model;
			sourceTree = "<group>";
		};
		8C6EDC5922271F0E00D370C0 /* CSV */ = {
			isa = PBXGroup;
			children = (
				8C6EDC4F2227093F00D370C0 /* pokemon.csv */,
				8C6EDC55222713F600D370C0 /* signs-all.csv */,
				8C6EDC53222711E700D370C0 /* signs.csv */,
			);
			path = CSV;
			sourceTree = "<group>";
		};
/* End PBXGroup section */

/* Begin PBXNativeTarget section */
		8C6EDC312226CF9000D370C0 /* LASDictionaryV2 */ = {
			isa = PBXNativeTarget;
			buildConfigurationList = 8C6EDC442226CF9100D370C0 /* Build configuration list for PBXNativeTarget "LASDictionaryV2" */;
			buildPhases = (
				8C6EDC2E2226CF9000D370C0 /* Sources */,
				8C6EDC2F2226CF9000D370C0 /* Frameworks */,
				8C6EDC302226CF9000D370C0 /* Resources */,
			);
			buildRules = (
			);
			dependencies = (
			);
			name = LASDictionaryV2;
			productName = LASDictionaryV2;
			productReference = 8C6EDC322226CF9000D370C0 /* LASDictionaryV2.app */;
			productType = "com.apple.product-type.application";
		};
/* End PBXNativeTarget section */

/* Begin PBXProject section */
		8C6EDC2A2226CF8F00D370C0 /* Project object */ = {
			isa = PBXProject;
			attributes = {
				LastSwiftUpdateCheck = 1010;
				LastUpgradeCheck = 1010;
				ORGANIZATIONNAME = LAS;
				TargetAttributes = {
					8C6EDC312226CF9000D370C0 = {
						CreatedOnToolsVersion = 10.1;
					};
				};
			};
			buildConfigurationList = 8C6EDC2D2226CF8F00D370C0 /* Build configuration list for PBXProject "LASDictionaryV2" */;
			compatibilityVersion = "Xcode 9.3";
			developmentRegion = en;
			hasScannedForEncodings = 0;
			knownRegions = (
				en,
				Base,
			);
			mainGroup = 8C6EDC292226CF8F00D370C0;
			productRefGroup = 8C6EDC332226CF9000D370C0 /* Products */;
			projectDirPath = "";
			projectRoot = "";
			targets = (
				8C6EDC312226CF9000D370C0 /* LASDictionaryV2 */,
			);
		};
/* End PBXProject section */

/* Begin PBXResourcesBuildPhase section */
		8C6EDC302226CF9000D370C0 /* Resources */ = {
			isa = PBXResourcesBuildPhase;
			buildActionMask = 2147483647;
			files = (
				8C6EDC54222711E800D370C0 /* signs.csv in Resources */,
				8C6EDC402226CF9100D370C0 /* LaunchScreen.storyboard in Resources */,
				8C6EDC3D2226CF9100D370C0 /* Assets.xcassets in Resources */,
				8C6EDC56222713F600D370C0 /* signs-all.csv in Resources */,
				8C6EDC502227093F00D370C0 /* pokemon.csv in Resources */,
				8C6EDC3B2226CF9000D370C0 /* Main.storyboard in Resources */,
			);
			runOnlyForDeploymentPostprocessing = 0;
		};
/* End PBXResourcesBuildPhase section */

/* Begin PBXSourcesBuildPhase section */
		8C6EDC2E2226CF9000D370C0 /* Sources */ = {
			isa = PBXSourcesBuildPhase;
			buildActionMask = 2147483647;
			files = (
				8CA177CA2236A84000192679 /* DictionaryTableViewCell.swift in Sources */,
				8C6EDC382226CF9000D370C0 /* OldDictionaryViewController.swift in Sources */,
				8C6EDC492226F27000D370C0 /* SignCell.swift in Sources */,
				8C6EDC4C2226F28D00D370C0 /* Signs.swift in Sources */,
				8CF8FF7E2242706800C9E1E2 /* TabBarController.swift in Sources */,
				8CA177C82236A14E00192679 /* DictionaryTableViewController.swift in Sources */,
				8C6EDC362226CF9000D370C0 /* AppDelegate.swift in Sources */,
				8C6EDC7D2228463500D370C0 /* SignTableViewCell.swift in Sources */,
				8C6EDC5822271E1600D370C0 /* MainTableViewController.swift in Sources */,
				8C6EDC4E2227093800D370C0 /* csv.swift in Sources */,
				8CF4EC4C223A8D16004728A6 /* DictionaryDetailViewController.swift in Sources */,
				8C6EDC7F22287BF200D370C0 /* DetailViewController.swift in Sources */,
			);
			runOnlyForDeploymentPostprocessing = 0;
		};
/* End PBXSourcesBuildPhase section */

/* Begin PBXVariantGroup section */
		8C6EDC392226CF9000D370C0 /* Main.storyboard */ = {
			isa = PBXVariantGroup;
			children = (
				8C6EDC3A2226CF9000D370C0 /* Base */,
			);
			name = Main.storyboard;
			sourceTree = "<group>";
		};
		8C6EDC3E2226CF9100D370C0 /* LaunchScreen.storyboard */ = {
			isa = PBXVariantGroup;
			children = (
				8C6EDC3F2226CF9100D370C0 /* Base */,
			);
			name = LaunchScreen.storyboard;
			sourceTree = "<group>";
		};
/* End PBXVariantGroup section */

/* Begin XCBuildConfiguration section */
		8C6EDC422226CF9100D370C0 /* Debug */ = {
			isa = XCBuildConfiguration;
			buildSettings = {
				ALWAYS_SEARCH_USER_PATHS = NO;
				CLANG_ANALYZER_NONNULL = YES;
				CLANG_ANALYZER_NUMBER_OBJECT_CONVERSION = YES_AGGRESSIVE;
				CLANG_CXX_LANGUAGE_STANDARD = "gnu++14";
				CLANG_CXX_LIBRARY = "libc++";
				CLANG_ENABLE_MODULES = YES;
				CLANG_ENABLE_OBJC_ARC = YES;
				CLANG_ENABLE_OBJC_WEAK = YES;
				CLANG_WARN_BLOCK_CAPTURE_AUTORELEASING = YES;
				CLANG_WARN_BOOL_CONVERSION = YES;
				CLANG_WARN_COMMA = YES;
				CLANG_WARN_CONSTANT_CONVERSION = YES;
				CLANG_WARN_DEPRECATED_OBJC_IMPLEMENTATIONS = YES;
				CLANG_WARN_DIRECT_OBJC_ISA_USAGE = YES_ERROR;
				CLANG_WARN_DOCUMENTATION_COMMENTS = YES;
				CLANG_WARN_EMPTY_BODY = YES;
				CLANG_WARN_ENUM_CONVERSION = YES;
				CLANG_WARN_INFINITE_RECURSION = YES;
				CLANG_WARN_INT_CONVERSION = YES;
				CLANG_WARN_NON_LITERAL_NULL_CONVERSION = YES;
				CLANG_WARN_OBJC_IMPLICIT_RETAIN_SELF = YES;
				CLANG_WARN_OBJC_LITERAL_CONVERSION = YES;
				CLANG_WARN_OBJC_ROOT_CLASS = YES_ERROR;
				CLANG_WARN_RANGE_LOOP_ANALYSIS = YES;
				CLANG_WARN_STRICT_PROTOTYPES = YES;
				CLANG_WARN_SUSPICIOUS_MOVE = YES;
				CLANG_WARN_UNGUARDED_AVAILABILITY = YES_AGGRESSIVE;
				CLANG_WARN_UNREACHABLE_CODE = YES;
				CLANG_WARN__DUPLICATE_METHOD_MATCH = YES;
				CODE_SIGN_IDENTITY = "iPhone Developer";
				COPY_PHASE_STRIP = NO;
				DEBUG_INFORMATION_FORMAT = dwarf;
				ENABLE_STRICT_OBJC_MSGSEND = YES;
				ENABLE_TESTABILITY = YES;
				GCC_C_LANGUAGE_STANDARD = gnu11;
				GCC_DYNAMIC_NO_PIC = NO;
				GCC_NO_COMMON_BLOCKS = YES;
				GCC_OPTIMIZATION_LEVEL = 0;
				GCC_PREPROCESSOR_DEFINITIONS = (
					"DEBUG=1",
					"$(inherited)",
				);
				GCC_WARN_64_TO_32_BIT_CONVERSION = YES;
				GCC_WARN_ABOUT_RETURN_TYPE = YES_ERROR;
				GCC_WARN_UNDECLARED_SELECTOR = YES;
				GCC_WARN_UNINITIALIZED_AUTOS = YES_AGGRESSIVE;
				GCC_WARN_UNUSED_FUNCTION = YES;
				GCC_WARN_UNUSED_VARIABLE = YES;
				IPHONEOS_DEPLOYMENT_TARGET = 12.1;
				MTL_ENABLE_DEBUG_INFO = INCLUDE_SOURCE;
				MTL_FAST_MATH = YES;
				ONLY_ACTIVE_ARCH = YES;
				SDKROOT = iphoneos;
				SWIFT_ACTIVE_COMPILATION_CONDITIONS = DEBUG;
				SWIFT_OPTIMIZATION_LEVEL = "-Onone";
			};
			name = Debug;
		};
		8C6EDC432226CF9100D370C0 /* Release */ = {
			isa = XCBuildConfiguration;
			buildSettings = {
				ALWAYS_SEARCH_USER_PATHS = NO;
				CLANG_ANALYZER_NONNULL = YES;
				CLANG_ANALYZER_NUMBER_OBJECT_CONVERSION = YES_AGGRESSIVE;
				CLANG_CXX_LANGUAGE_STANDARD = "gnu++14";
				CLANG_CXX_LIBRARY = "libc++";
				CLANG_ENABLE_MODULES = YES;
				CLANG_ENABLE_OBJC_ARC = YES;
				CLANG_ENABLE_OBJC_WEAK = YES;
				CLANG_WARN_BLOCK_CAPTURE_AUTORELEASING = YES;
				CLANG_WARN_BOOL_CONVERSION = YES;
				CLANG_WARN_COMMA = YES;
				CLANG_WARN_CONSTANT_CONVERSION = YES;
				CLANG_WARN_DEPRECATED_OBJC_IMPLEMENTATIONS = YES;
				CLANG_WARN_DIRECT_OBJC_ISA_USAGE = YES_ERROR;
				CLANG_WARN_DOCUMENTATION_COMMENTS = YES;
				CLANG_WARN_EMPTY_BODY = YES;
				CLANG_WARN_ENUM_CONVERSION = YES;
				CLANG_WARN_INFINITE_RECURSION = YES;
				CLANG_WARN_INT_CONVERSION = YES;
				CLANG_WARN_NON_LITERAL_NULL_CONVERSION = YES;
				CLANG_WARN_OBJC_IMPLICIT_RETAIN_SELF = YES;
				CLANG_WARN_OBJC_LITERAL_CONVERSION = YES;
				CLANG_WARN_OBJC_ROOT_CLASS = YES_ERROR;
				CLANG_WARN_RANGE_LOOP_ANALYSIS = YES;
				CLANG_WARN_STRICT_PROTOTYPES = YES;
				CLANG_WARN_SUSPICIOUS_MOVE = YES;
				CLANG_WARN_UNGUARDED_AVAILABILITY = YES_AGGRESSIVE;
				CLANG_WARN_UNREACHABLE_CODE = YES;
				CLANG_WARN__DUPLICATE_METHOD_MATCH = YES;
				CODE_SIGN_IDENTITY = "iPhone Developer";
				COPY_PHASE_STRIP = NO;
				DEBUG_INFORMATION_FORMAT = "dwarf-with-dsym";
				ENABLE_NS_ASSERTIONS = NO;
				ENABLE_STRICT_OBJC_MSGSEND = YES;
				GCC_C_LANGUAGE_STANDARD = gnu11;
				GCC_NO_COMMON_BLOCKS = YES;
				GCC_WARN_64_TO_32_BIT_CONVERSION = YES;
				GCC_WARN_ABOUT_RETURN_TYPE = YES_ERROR;
				GCC_WARN_UNDECLARED_SELECTOR = YES;
				GCC_WARN_UNINITIALIZED_AUTOS = YES_AGGRESSIVE;
				GCC_WARN_UNUSED_FUNCTION = YES;
				GCC_WARN_UNUSED_VARIABLE = YES;
				IPHONEOS_DEPLOYMENT_TARGET = 12.1;
				MTL_ENABLE_DEBUG_INFO = NO;
				MTL_FAST_MATH = YES;
				SDKROOT = iphoneos;
				SWIFT_COMPILATION_MODE = wholemodule;
				SWIFT_OPTIMIZATION_LEVEL = "-O";
				VALIDATE_PRODUCT = YES;
			};
			name = Release;
		};
		8C6EDC452226CF9100D370C0 /* Debug */ = {
			isa = XCBuildConfiguration;
			buildSettings = {
				ASSETCATALOG_COMPILER_APPICON_NAME = AppIcon;
				CODE_SIGN_STYLE = Automatic;
				DEVELOPMENT_TEAM = LLP3H85GZ9;
				INFOPLIST_FILE = LASDictionaryV2/Info.plist;
				LD_RUNPATH_SEARCH_PATHS = (
					"$(inherited)",
					"@executable_path/Frameworks",
				);
				PRODUCT_BUNDLE_IDENTIFIER = com.las.LASDictionaryV2;
				PRODUCT_NAME = "$(TARGET_NAME)";
				SWIFT_VERSION = 4.2;
				TARGETED_DEVICE_FAMILY = "1,2";
			};
			name = Debug;
		};
		8C6EDC462226CF9100D370C0 /* Release */ = {
			isa = XCBuildConfiguration;
			buildSettings = {
				ASSETCATALOG_COMPILER_APPICON_NAME = AppIcon;
				CODE_SIGN_STYLE = Automatic;
				DEVELOPMENT_TEAM = LLP3H85GZ9;
				INFOPLIST_FILE = LASDictionaryV2/Info.plist;
				LD_RUNPATH_SEARCH_PATHS = (
					"$(inherited)",
					"@executable_path/Frameworks",
				);
				PRODUCT_BUNDLE_IDENTIFIER = com.las.LASDictionaryV2;
				PRODUCT_NAME = "$(TARGET_NAME)";
				SWIFT_VERSION = 4.2;
				TARGETED_DEVICE_FAMILY = "1,2";
			};
			name = Release;
		};
/* End XCBuildConfiguration section */

/* Begin XCConfigurationList section */
		8C6EDC2D2226CF8F00D370C0 /* Build configuration list for PBXProject "LASDictionaryV2" */ = {
			isa = XCConfigurationList;
			buildConfigurations = (
				8C6EDC422226CF9100D370C0 /* Debug */,
				8C6EDC432226CF9100D370C0 /* Release */,
			);
			defaultConfigurationIsVisible = 0;
			defaultConfigurationName = Release;
		};
		8C6EDC442226CF9100D370C0 /* Build configuration list for PBXNativeTarget "LASDictionaryV2" */ = {
			isa = XCConfigurationList;
			buildConfigurations = (
				8C6EDC452226CF9100D370C0 /* Debug */,
				8C6EDC462226CF9100D370C0 /* Release */,
			);
			defaultConfigurationIsVisible = 0;
			defaultConfigurationName = Release;
		};
/* End XCConfigurationList section */
	};
	rootObject = 8C6EDC2A2226CF8F00D370C0 /* Project object */;
}
