// !$*UTF8*$!
{
	archiveVersion = 1;
	classes = {
	};
	objectVersion = 54;
	objects = {

/* Begin PBXBuildFile section */
		8C01EAEF25B9F59E0015DF10 /* mtholyoke art museum.mp4 in Resources */ = {isa = PBXBuildFile; fileRef = 8C01EAED25B9F59E0015DF10 /* mtholyoke art museum.mp4 */; };
		8C01EAF025B9F59E0015DF10 /* mt.holyoke.mp4 in Resources */ = {isa = PBXBuildFile; fileRef = 8C01EAEE25B9F59E0015DF10 /* mt.holyoke.mp4 */; };
		8C1605DF25B7173C00AD9BF3 /* MedicalViewController.swift in Sources */ = {isa = PBXBuildFile; fileRef = 8C1605DE25B7173C00AD9BF3 /* MedicalViewController.swift */; };
		8C1605E125B7185200AD9BF3 /* MedicalVIdeoPlayer.swift in Sources */ = {isa = PBXBuildFile; fileRef = 8C1605E025B7185200AD9BF3 /* MedicalVIdeoPlayer.swift */; };
		8C1605E325B7185D00AD9BF3 /* MedicalPlayerView.swift in Sources */ = {isa = PBXBuildFile; fileRef = 8C1605E225B7185D00AD9BF3 /* MedicalPlayerView.swift */; };
		8C16061325B7314100AD9BF3 /* WantMedicalViewController.swift in Sources */ = {isa = PBXBuildFile; fileRef = 8C16061225B7314100AD9BF3 /* WantMedicalViewController.swift */; };
		8C16061525B738DD00AD9BF3 /* WantMedicalPlayerView.swift in Sources */ = {isa = PBXBuildFile; fileRef = 8C16061425B738DD00AD9BF3 /* WantMedicalPlayerView.swift */; };
		8C16061725B738E800AD9BF3 /* WantMedicalVideoPlayer.swift in Sources */ = {isa = PBXBuildFile; fileRef = 8C16061625B738E800AD9BF3 /* WantMedicalVideoPlayer.swift */; };
		8C2C04512344E44300A48AF6 /* Restaurant.swift in Sources */ = {isa = PBXBuildFile; fileRef = 8C2C04502344E44300A48AF6 /* Restaurant.swift */; };
		8C30A46024F54B81001AA7CF /* AuteurTableViewCell.swift in Sources */ = {isa = PBXBuildFile; fileRef = 8C30A45F24F54B81001AA7CF /* AuteurTableViewCell.swift */; };
		8C4BDD9322E8B4EF003B24C5 /* FavoriteDetailViewController.swift in Sources */ = {isa = PBXBuildFile; fileRef = 8C4BDD9222E8B4EF003B24C5 /* FavoriteDetailViewController.swift */; };
		8C4FA1802576A21A006A8944 /* FoodPlayerView.swift in Sources */ = {isa = PBXBuildFile; fileRef = 8C4FA17F2576A21A006A8944 /* FoodPlayerView.swift */; };
		8C4FA1B02576BBCE006A8944 /* FoodVideoPlayer.swift in Sources */ = {isa = PBXBuildFile; fileRef = 8C4FA1AF2576BBCE006A8944 /* FoodVideoPlayer.swift */; };
		8C508E70257818EF00404AA4 /* NumberViewController.swift in Sources */ = {isa = PBXBuildFile; fileRef = 8C508E6F257818EF00404AA4 /* NumberViewController.swift */; };
		8C508E7225781A2C00404AA4 /* NumberTableViewCell.swift in Sources */ = {isa = PBXBuildFile; fileRef = 8C508E7125781A2C00404AA4 /* NumberTableViewCell.swift */; };
		8C5CE616255B12C50079C115 /* BonsaiFullScreenPopUtility.swift in Sources */ = {isa = PBXBuildFile; fileRef = 8C5CE615255B12C50079C115 /* BonsaiFullScreenPopUtility.swift */; };
		8C6203EF22D8C2E2004D90FA /* UserDefaults.swift in Sources */ = {isa = PBXBuildFile; fileRef = 8C6203EE22D8C2E2004D90FA /* UserDefaults.swift */; };
		8C67E0EA22E781E800CE35C7 /* FavoriteVideoView.swift in Sources */ = {isa = PBXBuildFile; fileRef = 8C67E0E922E781E800CE35C7 /* FavoriteVideoView.swift */; };
		8C6EDC362226CF9000D370C0 /* AppDelegate.swift in Sources */ = {isa = PBXBuildFile; fileRef = 8C6EDC352226CF9000D370C0 /* AppDelegate.swift */; };
		8C6EDC3B2226CF9000D370C0 /* Main.storyboard in Resources */ = {isa = PBXBuildFile; fileRef = 8C6EDC392226CF9000D370C0 /* Main.storyboard */; };
		8C6EDC3D2226CF9100D370C0 /* Assets.xcassets in Resources */ = {isa = PBXBuildFile; fileRef = 8C6EDC3C2226CF9100D370C0 /* Assets.xcassets */; };
		8C6EDC402226CF9100D370C0 /* LaunchScreen.storyboard in Resources */ = {isa = PBXBuildFile; fileRef = 8C6EDC3E2226CF9100D370C0 /* LaunchScreen.storyboard */; };
		8C6EDC4C2226F28D00D370C0 /* Signs.swift in Sources */ = {isa = PBXBuildFile; fileRef = 8C6EDC4B2226F28D00D370C0 /* Signs.swift */; };
		8C6EDC5822271E1600D370C0 /* MainTableViewController.swift in Sources */ = {isa = PBXBuildFile; fileRef = 8C6EDC5722271E1600D370C0 /* MainTableViewController.swift */; };
		8C6EDC7D2228463500D370C0 /* SignTableViewCell.swift in Sources */ = {isa = PBXBuildFile; fileRef = 8C6EDC7C2228463500D370C0 /* SignTableViewCell.swift */; };
		8C6EDC7F22287BF200D370C0 /* DetailViewController.swift in Sources */ = {isa = PBXBuildFile; fileRef = 8C6EDC7E22287BF200D370C0 /* DetailViewController.swift */; };
		8C777665252E3D6600559D34 /* ImageView.swift in Sources */ = {isa = PBXBuildFile; fileRef = 8C777664252E3D6600559D34 /* ImageView.swift */; };
		8C777668252E43F000559D34 /* FullImageView.swift in Sources */ = {isa = PBXBuildFile; fileRef = 8C777667252E43F000559D34 /* FullImageView.swift */; };
		8C779B1122C50FC50070C1D0 /* FavoritesTableViewController.swift in Sources */ = {isa = PBXBuildFile; fileRef = 8C779B1022C50FC50070C1D0 /* FavoritesTableViewController.swift */; };
		8C8529F723103CAF002B7DDA /* Sections.swift in Sources */ = {isa = PBXBuildFile; fileRef = 8C8529F623103CAF002B7DDA /* Sections.swift */; };
		8C86DF5C23884D7400404B80 /* DataStore.swift in Sources */ = {isa = PBXBuildFile; fileRef = 8C86DF5B23884D7400404B80 /* DataStore.swift */; };
		8C86DF5E238866AC00404B80 /* csvjson.json in Resources */ = {isa = PBXBuildFile; fileRef = 8C86DF5D238866AC00404B80 /* csvjson.json */; };
		8C93FEEA25B9C64600EFA6B8 /* OutEatViewController.swift in Sources */ = {isa = PBXBuildFile; fileRef = 8C93FEE925B9C64600EFA6B8 /* OutEatViewController.swift */; };
		8C93FEEC25B9C79700EFA6B8 /* EatVideoPlayer.swift in Sources */ = {isa = PBXBuildFile; fileRef = 8C93FEEB25B9C79700EFA6B8 /* EatVideoPlayer.swift */; };
		8C93FEEE25B9C7A200EFA6B8 /* EatPlayerView.swift in Sources */ = {isa = PBXBuildFile; fileRef = 8C93FEED25B9C7A200EFA6B8 /* EatPlayerView.swift */; };
		8C95E02B2550508C000610BA /* BonsaiNotificationUtility.swift in Sources */ = {isa = PBXBuildFile; fileRef = 8C95E02A2550508C000610BA /* BonsaiNotificationUtility.swift */; };
		8C9890E12554373700E479C4 /* (null) in Embed Frameworks */ = {isa = PBXBuildFile; settings = {ATTRIBUTES = (RemoveHeadersOnCopy, ); }; };
		8C99247C251CD0210016CB45 /* DetailTableViewController.swift in Sources */ = {isa = PBXBuildFile; fileRef = 8C99247B251CD0210016CB45 /* DetailTableViewController.swift */; };
		8C99CCF925AF3FD60023399F /* hulu.mov in Resources */ = {isa = PBXBuildFile; fileRef = 8C99CCF825AF3FD60023399F /* hulu.mov */; };
		8C99CCFB25AF40F90023399F /* WatchViewController.swift in Sources */ = {isa = PBXBuildFile; fileRef = 8C99CCFA25AF40F90023399F /* WatchViewController.swift */; };
		8C99CCFD25AF494B0023399F /* WatchPlayerView.swift in Sources */ = {isa = PBXBuildFile; fileRef = 8C99CCFC25AF494B0023399F /* WatchPlayerView.swift */; };
		8C99CCFF25AF4AB20023399F /* WatchVideoPlayer.swift in Sources */ = {isa = PBXBuildFile; fileRef = 8C99CCFE25AF4AB20023399F /* WatchVideoPlayer.swift */; };
		8C99CD0225B2055F0023399F /* OfficeViewController.swift in Sources */ = {isa = PBXBuildFile; fileRef = 8C99CD0125B2055F0023399F /* OfficeViewController.swift */; };
		8C99CD0525B205A20023399F /* PlayerView.swift in Sources */ = {isa = PBXBuildFile; fileRef = 8C99CD0325B205A20023399F /* PlayerView.swift */; };
		8C99CD0625B205A20023399F /* VideoPlayer.swift in Sources */ = {isa = PBXBuildFile; fileRef = 8C99CD0425B205A20023399F /* VideoPlayer.swift */; };
		8C99CD1725B209420023399F /* the meeting.mp4 in Resources */ = {isa = PBXBuildFile; fileRef = 8C99CD0725B2091F0023399F /* the meeting.mp4 */; };
		8C99CD1925B209420023399F /* safe haven.mp4 in Resources */ = {isa = PBXBuildFile; fileRef = 8C99CD0925B209230023399F /* safe haven.mp4 */; };
		8C99CD1A25B209420023399F /* an email.mp4 in Resources */ = {isa = PBXBuildFile; fileRef = 8C99CD0A25B209250023399F /* an email.mp4 */; };
		8C99CD1B25B209420023399F /* murlo foundation.mp4 in Resources */ = {isa = PBXBuildFile; fileRef = 8C99CD0B25B209270023399F /* murlo foundation.mp4 */; };
		8C99CD1D25B209420023399F /* copy of the bill.mp4 in Resources */ = {isa = PBXBuildFile; fileRef = 8C99CD0D25B2092C0023399F /* copy of the bill.mp4 */; };
		8C99CD1E25B209420023399F /* text with total.mp4 in Resources */ = {isa = PBXBuildFile; fileRef = 8C99CD0E25B2092E0023399F /* text with total.mp4 */; };
		8C99CD1F25B209420023399F /* send me.mp4 in Resources */ = {isa = PBXBuildFile; fileRef = 8C99CD0F25B209300023399F /* send me.mp4 */; };
		8C99CD2025B209420023399F /* questions about.mp4 in Resources */ = {isa = PBXBuildFile; fileRef = 8C99CD1025B209320023399F /* questions about.mp4 */; };
		8C99CD2125B209420023399F /* transfer.mp4 in Resources */ = {isa = PBXBuildFile; fileRef = 8C99CD1125B209340023399F /* transfer.mp4 */; };
		8C99CD2325B209420023399F /* a report.mp4 in Resources */ = {isa = PBXBuildFile; fileRef = 8C99CD1325B209380023399F /* a report.mp4 */; };
		8C99CD2425B209420023399F /* the call.mp4 in Resources */ = {isa = PBXBuildFile; fileRef = 8C99CD1425B2093A0023399F /* the call.mp4 */; };
		8C99CD2525B209420023399F /* donate to who.mp4 in Resources */ = {isa = PBXBuildFile; fileRef = 8C99CD1525B2093C0023399F /* donate to who.mp4 */; };
		8C99CD2625B209420023399F /* donations.mp4 in Resources */ = {isa = PBXBuildFile; fileRef = 8C99CD1625B209400023399F /* donations.mp4 */; };
		8C99CD2825B209A90023399F /* SendMeViewController.swift in Sources */ = {isa = PBXBuildFile; fileRef = 8C99CD2725B209A90023399F /* SendMeViewController.swift */; };
		8C99CD2A25B20B2F0023399F /* sendMeVideoPlayer.swift in Sources */ = {isa = PBXBuildFile; fileRef = 8C99CD2925B20B2F0023399F /* sendMeVideoPlayer.swift */; };
		8C99CD2C25B20B6B0023399F /* sendMePlayerView.swift in Sources */ = {isa = PBXBuildFile; fileRef = 8C99CD2B25B20B6B0023399F /* sendMePlayerView.swift */; };
		8C99CD2E25B212840023399F /* QuestionsAboutViewController.swift in Sources */ = {isa = PBXBuildFile; fileRef = 8C99CD2D25B212840023399F /* QuestionsAboutViewController.swift */; };
		8C99CD3125B212B30023399F /* QuestionsPlayerView.swift in Sources */ = {isa = PBXBuildFile; fileRef = 8C99CD3025B212B30023399F /* QuestionsPlayerView.swift */; };
		8C99CD3325B212CF0023399F /* QuestionsVideoPlayer.swift in Sources */ = {isa = PBXBuildFile; fileRef = 8C99CD3225B212CF0023399F /* QuestionsVideoPlayer.swift */; };
		8C99CD7B25B21A9B0023399F /* DonateViewController.swift in Sources */ = {isa = PBXBuildFile; fileRef = 8C99CD7A25B21A9B0023399F /* DonateViewController.swift */; };
		8C99CD7D25B21AB10023399F /* DonatePlayerView.swift in Sources */ = {isa = PBXBuildFile; fileRef = 8C99CD7C25B21AB10023399F /* DonatePlayerView.swift */; };
		8C99CD7F25B21AF20023399F /* DonateVideoPlayer.swift in Sources */ = {isa = PBXBuildFile; fileRef = 8C99CD7E25B21AF20023399F /* DonateVideoPlayer.swift */; };
		8C9AD2C424E6CA7600DE8B8B /* AuteurTableViewController.swift in Sources */ = {isa = PBXBuildFile; fileRef = 8C9AD2C324E6CA7600DE8B8B /* AuteurTableViewController.swift */; };
		8C9AD2C824E6CB1700DE8B8B /* Film.swift in Sources */ = {isa = PBXBuildFile; fileRef = 8C9AD2C724E6CB1700DE8B8B /* Film.swift */; };
		8C9AD2CA24E6CB2100DE8B8B /* Auteur.swift in Sources */ = {isa = PBXBuildFile; fileRef = 8C9AD2C924E6CB2100DE8B8B /* Auteur.swift */; };
		8C9CA151253E04D70004FA9A /* FoodViewController.swift in Sources */ = {isa = PBXBuildFile; fileRef = 8C9CA150253E04D70004FA9A /* FoodViewController.swift */; };
		8C9CA17125409EBA0004FA9A /* SentencesTableViewCell.swift in Sources */ = {isa = PBXBuildFile; fileRef = 8C9CA17025409EBA0004FA9A /* SentencesTableViewCell.swift */; };
		8CA177C82236A14E00192679 /* DictionaryTableViewController.swift in Sources */ = {isa = PBXBuildFile; fileRef = 8CA177C72236A14E00192679 /* DictionaryTableViewController.swift */; };
		8CA177CA2236A84000192679 /* DictionaryTableViewCell.swift in Sources */ = {isa = PBXBuildFile; fileRef = 8CA177C92236A84000192679 /* DictionaryTableViewCell.swift */; };
		8CA94B23249A5780008CC9CA /* Extensions.swift in Sources */ = {isa = PBXBuildFile; fileRef = 8CA94B22249A5780008CC9CA /* Extensions.swift */; };
		8CAF5E9122C63FAE00D568A3 /* FavoritesTableViewCell.swift in Sources */ = {isa = PBXBuildFile; fileRef = 8CAF5E9022C63FAE00D568A3 /* FavoritesTableViewCell.swift */; };
		8CB10C0B2548614F00B3E06B /* SentenceStarters.swift in Sources */ = {isa = PBXBuildFile; fileRef = 8CB10C0A2548614F00B3E06B /* SentenceStarters.swift */; };
		8CC2BD772576948300625572 /* water.mov in Resources */ = {isa = PBXBuildFile; fileRef = 8CC2BD672576947200625572 /* water.mov */; };
		8CC3650C23156AD100839C5D /* original.json in Resources */ = {isa = PBXBuildFile; fileRef = 8CC3650B23156AD100839C5D /* original.json */; };
		8CC53E8724F5854B00C3BBF3 /* DetailTableViewCell.swift in Sources */ = {isa = PBXBuildFile; fileRef = 8CC53E8624F5854B00C3BBF3 /* DetailTableViewCell.swift */; };
		8CC77C8F224A9E32000ACDEB /* GoogleService-Info.plist in Resources */ = {isa = PBXBuildFile; fileRef = 8CC77C8E224A9E32000ACDEB /* GoogleService-Info.plist */; };
		8CC83896254AEF41008B7A4F /* OfficePlayerView.swift in Sources */ = {isa = PBXBuildFile; fileRef = 8CC83895254AEF41008B7A4F /* OfficePlayerView.swift */; };
		8CC83899254AF902008B7A4F /* OfficeVideoPlayer.swift in Sources */ = {isa = PBXBuildFile; fileRef = 8CC83898254AF902008B7A4F /* OfficeVideoPlayer.swift */; };
		8CC838BC254C38B1008B7A4F /* SmallViewController.swift in Sources */ = {isa = PBXBuildFile; fileRef = 8CC838BB254C38B1008B7A4F /* SmallViewController.swift */; };
		8CC838BF254C63A9008B7A4F /* BonsaiPopupUtility.swift in Sources */ = {isa = PBXBuildFile; fileRef = 8CC838BE254C63A9008B7A4F /* BonsaiPopupUtility.swift */; };
		8CD09AEB248E80B4002DBF8C /* auteurs.json in Resources */ = {isa = PBXBuildFile; fileRef = 8CD09AEA248E80B4002DBF8C /* auteurs.json */; };
		8CD6B0A5225503E2002F60FC /* VideoView.swift in Sources */ = {isa = PBXBuildFile; fileRef = 8CD6B0A4225503E2002F60FC /* VideoView.swift */; };
		8CD88D1125C0A3BC0035A9C4 /* StarbucksViewController.swift in Sources */ = {isa = PBXBuildFile; fileRef = 8CD88D1025C0A3BC0035A9C4 /* StarbucksViewController.swift */; };
		8CD88D1325C0A6850035A9C4 /* StarbucksVideoPlayer.swift in Sources */ = {isa = PBXBuildFile; fileRef = 8CD88D1225C0A6850035A9C4 /* StarbucksVideoPlayer.swift */; };
		8CD88D1525C0A68F0035A9C4 /* StarbucksPlayerView.swift in Sources */ = {isa = PBXBuildFile; fileRef = 8CD88D1425C0A68F0035A9C4 /* StarbucksPlayerView.swift */; };
		8CD88D1725C0AD9B0035A9C4 /* cold drink.mp4 in Resources */ = {isa = PBXBuildFile; fileRef = 8CD88D1625C0AD9B0035A9C4 /* cold drink.mp4 */; };
		8CD9846D25BA0AA20087D308 /* copyyourcard.mp4 in Resources */ = {isa = PBXBuildFile; fileRef = 8CD9846C25BA0AA20087D308 /* copyyourcard.mp4 */; };
		8CD9C6B123A020380015417C /* convertcsv.json in Resources */ = {isa = PBXBuildFile; fileRef = 8CD9C6B023A020380015417C /* convertcsv.json */; };
		8CDECA1125B871E4007F8DF4 /* allergies.mov in Resources */ = {isa = PBXBuildFile; fileRef = 8CDECA0225B871DF007F8DF4 /* allergies.mov */; };
		8CDECA1225B871E4007F8DF4 /* benadryl.mp4 in Resources */ = {isa = PBXBuildFile; fileRef = 8CDECA0325B871DF007F8DF4 /* benadryl.mp4 */; };
		8CDECA1325B871E4007F8DF4 /* do want.mp4 in Resources */ = {isa = PBXBuildFile; fileRef = 8CDECA0425B871E0007F8DF4 /* do want.mp4 */; };
		8CDECA1425B871E4007F8DF4 /* muscles.mov in Resources */ = {isa = PBXBuildFile; fileRef = 8CDECA0525B871E0007F8DF4 /* muscles.mov */; };
		8CDECA1525B871E4007F8DF4 /* sudafed.mp4 in Resources */ = {isa = PBXBuildFile; fileRef = 8CDECA0625B871E0007F8DF4 /* sudafed.mp4 */; };
		8CDECA1625B871E4007F8DF4 /* extra flex.mp4 in Resources */ = {isa = PBXBuildFile; fileRef = 8CDECA0725B871E1007F8DF4 /* extra flex.mp4 */; };
		8CDECA1725B871E4007F8DF4 /* eyes.mov in Resources */ = {isa = PBXBuildFile; fileRef = 8CDECA0825B871E1007F8DF4 /* eyes.mov */; };
		8CDECA1825B871E4007F8DF4 /* need something.mp4 in Resources */ = {isa = PBXBuildFile; fileRef = 8CDECA0925B871E1007F8DF4 /* need something.mp4 */; };
		8CDECA1925B871E4007F8DF4 /* head.mov in Resources */ = {isa = PBXBuildFile; fileRef = 8CDECA0A25B871E2007F8DF4 /* head.mov */; };
		8CDECA1A25B871E4007F8DF4 /* eye drops.mp4 in Resources */ = {isa = PBXBuildFile; fileRef = 8CDECA0B25B871E2007F8DF4 /* eye drops.mp4 */; };
		8CDECA1B25B871E4007F8DF4 /* advil.mp4 in Resources */ = {isa = PBXBuildFile; fileRef = 8CDECA0C25B871E2007F8DF4 /* advil.mp4 */; };
		8CDECA1C25B871E4007F8DF4 /* call cheryl.mp4 in Resources */ = {isa = PBXBuildFile; fileRef = 8CDECA0D25B871E3007F8DF4 /* call cheryl.mp4 */; };
		8CDECA1D25B871E4007F8DF4 /* pain patch.mp4 in Resources */ = {isa = PBXBuildFile; fileRef = 8CDECA0E25B871E3007F8DF4 /* pain patch.mp4 */; };
		8CDECA1E25B871E4007F8DF4 /* advil pm.mp4 in Resources */ = {isa = PBXBuildFile; fileRef = 8CDECA0F25B871E3007F8DF4 /* advil pm.mp4 */; };
		8CDECA1F25B871E4007F8DF4 /* sinuses.mov in Resources */ = {isa = PBXBuildFile; fileRef = 8CDECA1025B871E3007F8DF4 /* sinuses.mov */; };
		8CDECA2F25B8780C007F8DF4 /* Latte.mp4 in Resources */ = {isa = PBXBuildFile; fileRef = 8CDECA2025B87807007F8DF4 /* Latte.mp4 */; };
		8CDECA3025B8780C007F8DF4 /* do you want to go.mp4 in Resources */ = {isa = PBXBuildFile; fileRef = 8CDECA2125B87807007F8DF4 /* do you want to go.mp4 */; };
		8CDECA3125B8780C007F8DF4 /* croissant.mp4 in Resources */ = {isa = PBXBuildFile; fileRef = 8CDECA2225B87808007F8DF4 /* croissant.mp4 */; };
		8CDECA3225B8780C007F8DF4 /* do you want snacks.mp4 in Resources */ = {isa = PBXBuildFile; fileRef = 8CDECA2325B87808007F8DF4 /* do you want snacks.mp4 */; };
		8CDECA3325B8780C007F8DF4 /* Entertainment.mov in Resources */ = {isa = PBXBuildFile; fileRef = 8CDECA2425B87808007F8DF4 /* Entertainment.mov */; };
		8CDECA3425B8780C007F8DF4 /* cake pop.mp4 in Resources */ = {isa = PBXBuildFile; fileRef = 8CDECA2525B87809007F8DF4 /* cake pop.mp4 */; };
		8CDECA3525B8780C007F8DF4 /* No.mp4 in Resources */ = {isa = PBXBuildFile; fileRef = 8CDECA2625B87809007F8DF4 /* No.mp4 */; };
		8CDECA3625B8780C007F8DF4 /* yes.mp4 in Resources */ = {isa = PBXBuildFile; fileRef = 8CDECA2725B87809007F8DF4 /* yes.mp4 */; };
		8CDECA3725B8780C007F8DF4 /* maybe later.mp4 in Resources */ = {isa = PBXBuildFile; fileRef = 8CDECA2825B8780A007F8DF4 /* maybe later.mp4 */; };
		8CDECA3825B8780C007F8DF4 /* the diner.mp4 in Resources */ = {isa = PBXBuildFile; fileRef = 8CDECA2925B8780A007F8DF4 /* the diner.mp4 */; };
		8CDECA3925B8780C007F8DF4 /* hot drink.mp4 in Resources */ = {isa = PBXBuildFile; fileRef = 8CDECA2A25B8780A007F8DF4 /* hot drink.mp4 */; };
		8CDECA3A25B8780C007F8DF4 /* fish.mp4 in Resources */ = {isa = PBXBuildFile; fileRef = 8CDECA2B25B8780B007F8DF4 /* fish.mp4 */; };
		8CDECA3B25B8780C007F8DF4 /* mcdonalds.mov in Resources */ = {isa = PBXBuildFile; fileRef = 8CDECA2C25B8780B007F8DF4 /* mcdonalds.mov */; };
		8CDECA3C25B8780C007F8DF4 /* 110 Grill.mov in Resources */ = {isa = PBXBuildFile; fileRef = 8CDECA2D25B8780B007F8DF4 /* 110 Grill.mov */; };
		8CDECA3D25B8780C007F8DF4 /* chicken.mp4 in Resources */ = {isa = PBXBuildFile; fileRef = 8CDECA2E25B8780C007F8DF4 /* chicken.mp4 */; };
		8CDECA4C25B88B22007F8DF4 /* to eat.mp4 in Resources */ = {isa = PBXBuildFile; fileRef = 8CDECA3E25B88B1E007F8DF4 /* to eat.mp4 */; };
		8CDECA4D25B88B22007F8DF4 /* whatwant.mp4 in Resources */ = {isa = PBXBuildFile; fileRef = 8CDECA3F25B88B1E007F8DF4 /* whatwant.mp4 */; };
		8CDECA4E25B88B22007F8DF4 /* pizza.mp4 in Resources */ = {isa = PBXBuildFile; fileRef = 8CDECA4025B88B1F007F8DF4 /* pizza.mp4 */; };
		8CDECA4F25B88B22007F8DF4 /* tea.mp4 in Resources */ = {isa = PBXBuildFile; fileRef = 8CDECA4125B88B1F007F8DF4 /* tea.mp4 */; };
		8CDECA5025B88B22007F8DF4 /* soda.mp4 in Resources */ = {isa = PBXBuildFile; fileRef = 8CDECA4225B88B1F007F8DF4 /* soda.mp4 */; };
		8CDECA5125B88B22007F8DF4 /* want to.mp4 in Resources */ = {isa = PBXBuildFile; fileRef = 8CDECA4325B88B20007F8DF4 /* want to.mp4 */; };
		8CDECA5225B88B22007F8DF4 /* to drink.mp4 in Resources */ = {isa = PBXBuildFile; fileRef = 8CDECA4425B88B20007F8DF4 /* to drink.mp4 */; };
		8CDECA5325B88B22007F8DF4 /* juice.mp4 in Resources */ = {isa = PBXBuildFile; fileRef = 8CDECA4525B88B20007F8DF4 /* juice.mp4 */; };
		8CDECA5425B88B22007F8DF4 /* milk.mp4 in Resources */ = {isa = PBXBuildFile; fileRef = 8CDECA4625B88B21007F8DF4 /* milk.mp4 */; };
		8CDECA5525B88B22007F8DF4 /* filet.mp4 in Resources */ = {isa = PBXBuildFile; fileRef = 8CDECA4725B88B21007F8DF4 /* filet.mp4 */; };
		8CDECA5625B88B22007F8DF4 /* spaghetti.mp4 in Resources */ = {isa = PBXBuildFile; fileRef = 8CDECA4825B88B21007F8DF4 /* spaghetti.mp4 */; };
		8CDECA5725B88B22007F8DF4 /* sushi.mp4 in Resources */ = {isa = PBXBuildFile; fileRef = 8CDECA4925B88B21007F8DF4 /* sushi.mp4 */; };
		8CDECA5825B88B22007F8DF4 /* coffee.mp4 in Resources */ = {isa = PBXBuildFile; fileRef = 8CDECA4A25B88B22007F8DF4 /* coffee.mp4 */; };
		8CDECA5925B88B22007F8DF4 /* pasta.mp4 in Resources */ = {isa = PBXBuildFile; fileRef = 8CDECA4B25B88B22007F8DF4 /* pasta.mp4 */; };
		8CDECA7225B9BABA007F8DF4 /* salmon.mp4 in Resources */ = {isa = PBXBuildFile; fileRef = 8CDECA7125B9BABA007F8DF4 /* salmon.mp4 */; };
		8CE669AE2542FEC400833748 /* Sentences.swift in Sources */ = {isa = PBXBuildFile; fileRef = 8CE669AD2542FEC400833748 /* Sentences.swift */; };
		C05898D7CAE3345062C4A12D /* Pods_LASDictionaryV2.framework in Frameworks */ = {isa = PBXBuildFile; fileRef = ADC20277D93E0ED02EACD39B /* Pods_LASDictionaryV2.framework */; };
/* End PBXBuildFile section */

/* Begin PBXCopyFilesBuildPhase section */
		8C9890E22554373700E479C4 /* Embed Frameworks */ = {
			isa = PBXCopyFilesBuildPhase;
			buildActionMask = 2147483647;
			dstPath = "";
			dstSubfolderSpec = 10;
			files = (
				8C9890E12554373700E479C4 /* (null) in Embed Frameworks */,
			);
			name = "Embed Frameworks";
			runOnlyForDeploymentPostprocessing = 0;
		};
/* End PBXCopyFilesBuildPhase section */

/* Begin PBXFileReference section */
		82AA7DAE03A7D705BE374886 /* Pods-LASDictionaryV2.debug.xcconfig */ = {isa = PBXFileReference; includeInIndex = 1; lastKnownFileType = text.xcconfig; name = "Pods-LASDictionaryV2.debug.xcconfig"; path = "Target Support Files/Pods-LASDictionaryV2/Pods-LASDictionaryV2.debug.xcconfig"; sourceTree = "<group>"; };
		8C01EAED25B9F59E0015DF10 /* mtholyoke art museum.mp4 */ = {isa = PBXFileReference; lastKnownFileType = file; path = "mtholyoke art museum.mp4"; sourceTree = "<group>"; };
		8C01EAEE25B9F59E0015DF10 /* mt.holyoke.mp4 */ = {isa = PBXFileReference; lastKnownFileType = file; path = mt.holyoke.mp4; sourceTree = "<group>"; };
		8C1605DE25B7173C00AD9BF3 /* MedicalViewController.swift */ = {isa = PBXFileReference; lastKnownFileType = sourcecode.swift; path = MedicalViewController.swift; sourceTree = "<group>"; };
		8C1605E025B7185200AD9BF3 /* MedicalVIdeoPlayer.swift */ = {isa = PBXFileReference; lastKnownFileType = sourcecode.swift; path = MedicalVIdeoPlayer.swift; sourceTree = "<group>"; };
		8C1605E225B7185D00AD9BF3 /* MedicalPlayerView.swift */ = {isa = PBXFileReference; lastKnownFileType = sourcecode.swift; path = MedicalPlayerView.swift; sourceTree = "<group>"; };
		8C16061225B7314100AD9BF3 /* WantMedicalViewController.swift */ = {isa = PBXFileReference; lastKnownFileType = sourcecode.swift; path = WantMedicalViewController.swift; sourceTree = "<group>"; };
		8C16061425B738DD00AD9BF3 /* WantMedicalPlayerView.swift */ = {isa = PBXFileReference; lastKnownFileType = sourcecode.swift; path = WantMedicalPlayerView.swift; sourceTree = "<group>"; };
		8C16061625B738E800AD9BF3 /* WantMedicalVideoPlayer.swift */ = {isa = PBXFileReference; lastKnownFileType = sourcecode.swift; path = WantMedicalVideoPlayer.swift; sourceTree = "<group>"; };
		8C2C04502344E44300A48AF6 /* Restaurant.swift */ = {isa = PBXFileReference; lastKnownFileType = sourcecode.swift; path = Restaurant.swift; sourceTree = "<group>"; };
		8C30A45F24F54B81001AA7CF /* AuteurTableViewCell.swift */ = {isa = PBXFileReference; lastKnownFileType = sourcecode.swift; path = AuteurTableViewCell.swift; sourceTree = "<group>"; };
		8C4BDD9222E8B4EF003B24C5 /* FavoriteDetailViewController.swift */ = {isa = PBXFileReference; lastKnownFileType = sourcecode.swift; path = FavoriteDetailViewController.swift; sourceTree = "<group>"; };
		8C4FA17F2576A21A006A8944 /* FoodPlayerView.swift */ = {isa = PBXFileReference; lastKnownFileType = sourcecode.swift; path = FoodPlayerView.swift; sourceTree = "<group>"; };
		8C4FA1AF2576BBCE006A8944 /* FoodVideoPlayer.swift */ = {isa = PBXFileReference; lastKnownFileType = sourcecode.swift; path = FoodVideoPlayer.swift; sourceTree = "<group>"; };
		8C508E6F257818EF00404AA4 /* NumberViewController.swift */ = {isa = PBXFileReference; lastKnownFileType = sourcecode.swift; path = NumberViewController.swift; sourceTree = "<group>"; };
		8C508E7125781A2C00404AA4 /* NumberTableViewCell.swift */ = {isa = PBXFileReference; lastKnownFileType = sourcecode.swift; path = NumberTableViewCell.swift; sourceTree = "<group>"; };
		8C5CE615255B12C50079C115 /* BonsaiFullScreenPopUtility.swift */ = {isa = PBXFileReference; lastKnownFileType = sourcecode.swift; path = BonsaiFullScreenPopUtility.swift; sourceTree = "<group>"; };
		8C6203EE22D8C2E2004D90FA /* UserDefaults.swift */ = {isa = PBXFileReference; lastKnownFileType = sourcecode.swift; path = UserDefaults.swift; sourceTree = "<group>"; };
		8C67E0E922E781E800CE35C7 /* FavoriteVideoView.swift */ = {isa = PBXFileReference; lastKnownFileType = sourcecode.swift; path = FavoriteVideoView.swift; sourceTree = "<group>"; };
		8C6EDC322226CF9000D370C0 /* LASDictionary.app */ = {isa = PBXFileReference; explicitFileType = wrapper.application; includeInIndex = 0; path = LASDictionary.app; sourceTree = BUILT_PRODUCTS_DIR; };
		8C6EDC352226CF9000D370C0 /* AppDelegate.swift */ = {isa = PBXFileReference; lastKnownFileType = sourcecode.swift; path = AppDelegate.swift; sourceTree = "<group>"; };
		8C6EDC3A2226CF9000D370C0 /* Base */ = {isa = PBXFileReference; lastKnownFileType = file.storyboard; name = Base; path = Base.lproj/Main.storyboard; sourceTree = "<group>"; };
		8C6EDC3C2226CF9100D370C0 /* Assets.xcassets */ = {isa = PBXFileReference; lastKnownFileType = folder.assetcatalog; path = Assets.xcassets; sourceTree = "<group>"; };
		8C6EDC3F2226CF9100D370C0 /* Base */ = {isa = PBXFileReference; lastKnownFileType = file.storyboard; name = Base; path = Base.lproj/LaunchScreen.storyboard; sourceTree = "<group>"; };
		8C6EDC412226CF9100D370C0 /* Info.plist */ = {isa = PBXFileReference; lastKnownFileType = text.plist.xml; path = Info.plist; sourceTree = "<group>"; };
		8C6EDC4B2226F28D00D370C0 /* Signs.swift */ = {isa = PBXFileReference; lastKnownFileType = sourcecode.swift; path = Signs.swift; sourceTree = "<group>"; };
		8C6EDC5722271E1600D370C0 /* MainTableViewController.swift */ = {isa = PBXFileReference; lastKnownFileType = sourcecode.swift; path = MainTableViewController.swift; sourceTree = "<group>"; };
		8C6EDC7C2228463500D370C0 /* SignTableViewCell.swift */ = {isa = PBXFileReference; lastKnownFileType = sourcecode.swift; path = SignTableViewCell.swift; sourceTree = "<group>"; };
		8C6EDC7E22287BF200D370C0 /* DetailViewController.swift */ = {isa = PBXFileReference; lastKnownFileType = sourcecode.swift; path = DetailViewController.swift; sourceTree = "<group>"; };
		8C777664252E3D6600559D34 /* ImageView.swift */ = {isa = PBXFileReference; lastKnownFileType = sourcecode.swift; path = ImageView.swift; sourceTree = "<group>"; };
		8C777667252E43F000559D34 /* FullImageView.swift */ = {isa = PBXFileReference; lastKnownFileType = sourcecode.swift; path = FullImageView.swift; sourceTree = "<group>"; };
		8C778691242A410900F87D4D /* en */ = {isa = PBXFileReference; lastKnownFileType = text.plist.strings; name = en; path = en.lproj/Main.strings; sourceTree = "<group>"; };
		8C779B1022C50FC50070C1D0 /* FavoritesTableViewController.swift */ = {isa = PBXFileReference; lastKnownFileType = sourcecode.swift; path = FavoritesTableViewController.swift; sourceTree = "<group>"; };
		8C8529F623103CAF002B7DDA /* Sections.swift */ = {isa = PBXFileReference; lastKnownFileType = sourcecode.swift; path = Sections.swift; sourceTree = "<group>"; };
		8C86DF5B23884D7400404B80 /* DataStore.swift */ = {isa = PBXFileReference; lastKnownFileType = sourcecode.swift; path = DataStore.swift; sourceTree = "<group>"; };
		8C86DF5D238866AC00404B80 /* csvjson.json */ = {isa = PBXFileReference; fileEncoding = 4; lastKnownFileType = text.json; path = csvjson.json; sourceTree = "<group>"; };
		8C93FEE925B9C64600EFA6B8 /* OutEatViewController.swift */ = {isa = PBXFileReference; lastKnownFileType = sourcecode.swift; path = OutEatViewController.swift; sourceTree = "<group>"; };
		8C93FEEB25B9C79700EFA6B8 /* EatVideoPlayer.swift */ = {isa = PBXFileReference; lastKnownFileType = sourcecode.swift; path = EatVideoPlayer.swift; sourceTree = "<group>"; };
		8C93FEED25B9C7A200EFA6B8 /* EatPlayerView.swift */ = {isa = PBXFileReference; lastKnownFileType = sourcecode.swift; path = EatPlayerView.swift; sourceTree = "<group>"; };
		8C95E02A2550508C000610BA /* BonsaiNotificationUtility.swift */ = {isa = PBXFileReference; lastKnownFileType = sourcecode.swift; path = BonsaiNotificationUtility.swift; sourceTree = "<group>"; };
		8C99247B251CD0210016CB45 /* DetailTableViewController.swift */ = {isa = PBXFileReference; lastKnownFileType = sourcecode.swift; path = DetailTableViewController.swift; sourceTree = "<group>"; };
		8C99CCF825AF3FD60023399F /* hulu.mov */ = {isa = PBXFileReference; lastKnownFileType = video.quicktime; path = hulu.mov; sourceTree = "<group>"; };
		8C99CCFA25AF40F90023399F /* WatchViewController.swift */ = {isa = PBXFileReference; lastKnownFileType = sourcecode.swift; path = WatchViewController.swift; sourceTree = "<group>"; };
		8C99CCFC25AF494B0023399F /* WatchPlayerView.swift */ = {isa = PBXFileReference; lastKnownFileType = sourcecode.swift; path = WatchPlayerView.swift; sourceTree = "<group>"; };
		8C99CCFE25AF4AB20023399F /* WatchVideoPlayer.swift */ = {isa = PBXFileReference; lastKnownFileType = sourcecode.swift; path = WatchVideoPlayer.swift; sourceTree = "<group>"; };
		8C99CD0125B2055F0023399F /* OfficeViewController.swift */ = {isa = PBXFileReference; lastKnownFileType = sourcecode.swift; path = OfficeViewController.swift; sourceTree = "<group>"; };
		8C99CD0325B205A20023399F /* PlayerView.swift */ = {isa = PBXFileReference; fileEncoding = 4; lastKnownFileType = sourcecode.swift; path = PlayerView.swift; sourceTree = "<group>"; };
		8C99CD0425B205A20023399F /* VideoPlayer.swift */ = {isa = PBXFileReference; fileEncoding = 4; lastKnownFileType = sourcecode.swift; path = VideoPlayer.swift; sourceTree = "<group>"; };
		8C99CD0725B2091F0023399F /* the meeting.mp4 */ = {isa = PBXFileReference; lastKnownFileType = file; path = "the meeting.mp4"; sourceTree = "<group>"; };
		8C99CD0925B209230023399F /* safe haven.mp4 */ = {isa = PBXFileReference; lastKnownFileType = file; path = "safe haven.mp4"; sourceTree = "<group>"; };
		8C99CD0A25B209250023399F /* an email.mp4 */ = {isa = PBXFileReference; lastKnownFileType = file; path = "an email.mp4"; sourceTree = "<group>"; };
		8C99CD0B25B209270023399F /* murlo foundation.mp4 */ = {isa = PBXFileReference; lastKnownFileType = file; path = "murlo foundation.mp4"; sourceTree = "<group>"; };
		8C99CD0D25B2092C0023399F /* copy of the bill.mp4 */ = {isa = PBXFileReference; lastKnownFileType = file; path = "copy of the bill.mp4"; sourceTree = "<group>"; };
		8C99CD0E25B2092E0023399F /* text with total.mp4 */ = {isa = PBXFileReference; lastKnownFileType = file; path = "text with total.mp4"; sourceTree = "<group>"; };
		8C99CD0F25B209300023399F /* send me.mp4 */ = {isa = PBXFileReference; lastKnownFileType = file; path = "send me.mp4"; sourceTree = "<group>"; };
		8C99CD1025B209320023399F /* questions about.mp4 */ = {isa = PBXFileReference; lastKnownFileType = file; path = "questions about.mp4"; sourceTree = "<group>"; };
		8C99CD1125B209340023399F /* transfer.mp4 */ = {isa = PBXFileReference; lastKnownFileType = file; path = transfer.mp4; sourceTree = "<group>"; };
		8C99CD1325B209380023399F /* a report.mp4 */ = {isa = PBXFileReference; lastKnownFileType = file; path = "a report.mp4"; sourceTree = "<group>"; };
		8C99CD1425B2093A0023399F /* the call.mp4 */ = {isa = PBXFileReference; lastKnownFileType = file; path = "the call.mp4"; sourceTree = "<group>"; };
		8C99CD1525B2093C0023399F /* donate to who.mp4 */ = {isa = PBXFileReference; lastKnownFileType = file; path = "donate to who.mp4"; sourceTree = "<group>"; };
		8C99CD1625B209400023399F /* donations.mp4 */ = {isa = PBXFileReference; lastKnownFileType = file; path = donations.mp4; sourceTree = "<group>"; };
		8C99CD2725B209A90023399F /* SendMeViewController.swift */ = {isa = PBXFileReference; lastKnownFileType = sourcecode.swift; path = SendMeViewController.swift; sourceTree = "<group>"; };
		8C99CD2925B20B2F0023399F /* sendMeVideoPlayer.swift */ = {isa = PBXFileReference; lastKnownFileType = sourcecode.swift; path = sendMeVideoPlayer.swift; sourceTree = "<group>"; };
		8C99CD2B25B20B6B0023399F /* sendMePlayerView.swift */ = {isa = PBXFileReference; lastKnownFileType = sourcecode.swift; path = sendMePlayerView.swift; sourceTree = "<group>"; };
		8C99CD2D25B212840023399F /* QuestionsAboutViewController.swift */ = {isa = PBXFileReference; lastKnownFileType = sourcecode.swift; path = QuestionsAboutViewController.swift; sourceTree = "<group>"; };
		8C99CD3025B212B30023399F /* QuestionsPlayerView.swift */ = {isa = PBXFileReference; lastKnownFileType = sourcecode.swift; path = QuestionsPlayerView.swift; sourceTree = "<group>"; };
		8C99CD3225B212CF0023399F /* QuestionsVideoPlayer.swift */ = {isa = PBXFileReference; lastKnownFileType = sourcecode.swift; path = QuestionsVideoPlayer.swift; sourceTree = "<group>"; };
		8C99CD7925B2199A0023399F /* copycard.mp4 */ = {isa = PBXFileReference; lastKnownFileType = file; path = copycard.mp4; sourceTree = "<group>"; };
		8C99CD7A25B21A9B0023399F /* DonateViewController.swift */ = {isa = PBXFileReference; lastKnownFileType = sourcecode.swift; path = DonateViewController.swift; sourceTree = "<group>"; };
		8C99CD7C25B21AB10023399F /* DonatePlayerView.swift */ = {isa = PBXFileReference; lastKnownFileType = sourcecode.swift; path = DonatePlayerView.swift; sourceTree = "<group>"; };
		8C99CD7E25B21AF20023399F /* DonateVideoPlayer.swift */ = {isa = PBXFileReference; lastKnownFileType = sourcecode.swift; path = DonateVideoPlayer.swift; sourceTree = "<group>"; };
		8C9AD2C324E6CA7600DE8B8B /* AuteurTableViewController.swift */ = {isa = PBXFileReference; lastKnownFileType = sourcecode.swift; path = AuteurTableViewController.swift; sourceTree = "<group>"; };
		8C9AD2C724E6CB1700DE8B8B /* Film.swift */ = {isa = PBXFileReference; lastKnownFileType = sourcecode.swift; path = Film.swift; sourceTree = "<group>"; };
		8C9AD2C924E6CB2100DE8B8B /* Auteur.swift */ = {isa = PBXFileReference; lastKnownFileType = sourcecode.swift; path = Auteur.swift; sourceTree = "<group>"; };
		8C9CA150253E04D70004FA9A /* FoodViewController.swift */ = {isa = PBXFileReference; lastKnownFileType = sourcecode.swift; path = FoodViewController.swift; sourceTree = "<group>"; };
		8C9CA17025409EBA0004FA9A /* SentencesTableViewCell.swift */ = {isa = PBXFileReference; lastKnownFileType = sourcecode.swift; path = SentencesTableViewCell.swift; sourceTree = "<group>"; };
		8CA177C72236A14E00192679 /* DictionaryTableViewController.swift */ = {isa = PBXFileReference; lastKnownFileType = sourcecode.swift; path = DictionaryTableViewController.swift; sourceTree = "<group>"; };
		8CA177C92236A84000192679 /* DictionaryTableViewCell.swift */ = {isa = PBXFileReference; lastKnownFileType = sourcecode.swift; path = DictionaryTableViewCell.swift; sourceTree = "<group>"; };
		8CA94B22249A5780008CC9CA /* Extensions.swift */ = {isa = PBXFileReference; lastKnownFileType = sourcecode.swift; path = Extensions.swift; sourceTree = "<group>"; };
		8CAF5E9022C63FAE00D568A3 /* FavoritesTableViewCell.swift */ = {isa = PBXFileReference; lastKnownFileType = sourcecode.swift; path = FavoritesTableViewCell.swift; sourceTree = "<group>"; };
		8CB10C0A2548614F00B3E06B /* SentenceStarters.swift */ = {isa = PBXFileReference; lastKnownFileType = sourcecode.swift; path = SentenceStarters.swift; sourceTree = "<group>"; };
		8CC2BD672576947200625572 /* water.mov */ = {isa = PBXFileReference; lastKnownFileType = video.quicktime; path = water.mov; sourceTree = "<group>"; };
		8CC3650B23156AD100839C5D /* original.json */ = {isa = PBXFileReference; fileEncoding = 4; lastKnownFileType = text.json; path = original.json; sourceTree = "<group>"; };
		8CC53E8624F5854B00C3BBF3 /* DetailTableViewCell.swift */ = {isa = PBXFileReference; lastKnownFileType = sourcecode.swift; path = DetailTableViewCell.swift; sourceTree = "<group>"; };
		8CC77C8E224A9E32000ACDEB /* GoogleService-Info.plist */ = {isa = PBXFileReference; fileEncoding = 4; lastKnownFileType = text.plist.xml; path = "GoogleService-Info.plist"; sourceTree = "<group>"; };
		8CC83895254AEF41008B7A4F /* OfficePlayerView.swift */ = {isa = PBXFileReference; lastKnownFileType = sourcecode.swift; path = OfficePlayerView.swift; sourceTree = "<group>"; };
		8CC83898254AF902008B7A4F /* OfficeVideoPlayer.swift */ = {isa = PBXFileReference; lastKnownFileType = sourcecode.swift; path = OfficeVideoPlayer.swift; sourceTree = "<group>"; };
		8CC838BB254C38B1008B7A4F /* SmallViewController.swift */ = {isa = PBXFileReference; lastKnownFileType = sourcecode.swift; path = SmallViewController.swift; sourceTree = "<group>"; };
		8CC838BE254C63A9008B7A4F /* BonsaiPopupUtility.swift */ = {isa = PBXFileReference; lastKnownFileType = sourcecode.swift; path = BonsaiPopupUtility.swift; sourceTree = "<group>"; };
		8CD09AEA248E80B4002DBF8C /* auteurs.json */ = {isa = PBXFileReference; fileEncoding = 4; lastKnownFileType = text.json; path = auteurs.json; sourceTree = "<group>"; };
		8CD6B0A4225503E2002F60FC /* VideoView.swift */ = {isa = PBXFileReference; lastKnownFileType = sourcecode.swift; path = VideoView.swift; sourceTree = "<group>"; };
		8CD88D1025C0A3BC0035A9C4 /* StarbucksViewController.swift */ = {isa = PBXFileReference; lastKnownFileType = sourcecode.swift; path = StarbucksViewController.swift; sourceTree = "<group>"; };
		8CD88D1225C0A6850035A9C4 /* StarbucksVideoPlayer.swift */ = {isa = PBXFileReference; lastKnownFileType = sourcecode.swift; path = StarbucksVideoPlayer.swift; sourceTree = "<group>"; };
		8CD88D1425C0A68F0035A9C4 /* StarbucksPlayerView.swift */ = {isa = PBXFileReference; lastKnownFileType = sourcecode.swift; path = StarbucksPlayerView.swift; sourceTree = "<group>"; };
		8CD88D1625C0AD9B0035A9C4 /* cold drink.mp4 */ = {isa = PBXFileReference; lastKnownFileType = file; path = "cold drink.mp4"; sourceTree = "<group>"; };
		8CD9846C25BA0AA20087D308 /* copyyourcard.mp4 */ = {isa = PBXFileReference; lastKnownFileType = file; path = copyyourcard.mp4; sourceTree = "<group>"; };
		8CD9C6B023A020380015417C /* convertcsv.json */ = {isa = PBXFileReference; fileEncoding = 4; lastKnownFileType = text.json; path = convertcsv.json; sourceTree = "<group>"; };
		8CDECA0225B871DF007F8DF4 /* allergies.mov */ = {isa = PBXFileReference; lastKnownFileType = video.quicktime; path = allergies.mov; sourceTree = "<group>"; };
		8CDECA0325B871DF007F8DF4 /* benadryl.mp4 */ = {isa = PBXFileReference; lastKnownFileType = file; path = benadryl.mp4; sourceTree = "<group>"; };
		8CDECA0425B871E0007F8DF4 /* do want.mp4 */ = {isa = PBXFileReference; lastKnownFileType = file; path = "do want.mp4"; sourceTree = "<group>"; };
		8CDECA0525B871E0007F8DF4 /* muscles.mov */ = {isa = PBXFileReference; lastKnownFileType = video.quicktime; path = muscles.mov; sourceTree = "<group>"; };
		8CDECA0625B871E0007F8DF4 /* sudafed.mp4 */ = {isa = PBXFileReference; lastKnownFileType = file; path = sudafed.mp4; sourceTree = "<group>"; };
		8CDECA0725B871E1007F8DF4 /* extra flex.mp4 */ = {isa = PBXFileReference; lastKnownFileType = file; path = "extra flex.mp4"; sourceTree = "<group>"; };
		8CDECA0825B871E1007F8DF4 /* eyes.mov */ = {isa = PBXFileReference; lastKnownFileType = video.quicktime; path = eyes.mov; sourceTree = "<group>"; };
		8CDECA0925B871E1007F8DF4 /* need something.mp4 */ = {isa = PBXFileReference; lastKnownFileType = file; path = "need something.mp4"; sourceTree = "<group>"; };
		8CDECA0A25B871E2007F8DF4 /* head.mov */ = {isa = PBXFileReference; lastKnownFileType = video.quicktime; path = head.mov; sourceTree = "<group>"; };
		8CDECA0B25B871E2007F8DF4 /* eye drops.mp4 */ = {isa = PBXFileReference; lastKnownFileType = file; path = "eye drops.mp4"; sourceTree = "<group>"; };
		8CDECA0C25B871E2007F8DF4 /* advil.mp4 */ = {isa = PBXFileReference; lastKnownFileType = file; path = advil.mp4; sourceTree = "<group>"; };
		8CDECA0D25B871E3007F8DF4 /* call cheryl.mp4 */ = {isa = PBXFileReference; lastKnownFileType = file; path = "call cheryl.mp4"; sourceTree = "<group>"; };
		8CDECA0E25B871E3007F8DF4 /* pain patch.mp4 */ = {isa = PBXFileReference; lastKnownFileType = file; path = "pain patch.mp4"; sourceTree = "<group>"; };
		8CDECA0F25B871E3007F8DF4 /* advil pm.mp4 */ = {isa = PBXFileReference; lastKnownFileType = file; path = "advil pm.mp4"; sourceTree = "<group>"; };
		8CDECA1025B871E3007F8DF4 /* sinuses.mov */ = {isa = PBXFileReference; lastKnownFileType = video.quicktime; path = sinuses.mov; sourceTree = "<group>"; };
		8CDECA2025B87807007F8DF4 /* Latte.mp4 */ = {isa = PBXFileReference; lastKnownFileType = file; path = Latte.mp4; sourceTree = "<group>"; };
		8CDECA2125B87807007F8DF4 /* do you want to go.mp4 */ = {isa = PBXFileReference; lastKnownFileType = file; path = "do you want to go.mp4"; sourceTree = "<group>"; };
		8CDECA2225B87808007F8DF4 /* croissant.mp4 */ = {isa = PBXFileReference; lastKnownFileType = file; path = croissant.mp4; sourceTree = "<group>"; };
		8CDECA2325B87808007F8DF4 /* do you want snacks.mp4 */ = {isa = PBXFileReference; lastKnownFileType = file; path = "do you want snacks.mp4"; sourceTree = "<group>"; };
		8CDECA2425B87808007F8DF4 /* Entertainment.mov */ = {isa = PBXFileReference; lastKnownFileType = video.quicktime; path = Entertainment.mov; sourceTree = "<group>"; };
		8CDECA2525B87809007F8DF4 /* cake pop.mp4 */ = {isa = PBXFileReference; lastKnownFileType = file; path = "cake pop.mp4"; sourceTree = "<group>"; };
		8CDECA2625B87809007F8DF4 /* No.mp4 */ = {isa = PBXFileReference; lastKnownFileType = file; path = No.mp4; sourceTree = "<group>"; };
		8CDECA2725B87809007F8DF4 /* yes.mp4 */ = {isa = PBXFileReference; lastKnownFileType = file; path = yes.mp4; sourceTree = "<group>"; };
		8CDECA2825B8780A007F8DF4 /* maybe later.mp4 */ = {isa = PBXFileReference; lastKnownFileType = file; path = "maybe later.mp4"; sourceTree = "<group>"; };
		8CDECA2925B8780A007F8DF4 /* the diner.mp4 */ = {isa = PBXFileReference; lastKnownFileType = file; path = "the diner.mp4"; sourceTree = "<group>"; };
		8CDECA2A25B8780A007F8DF4 /* hot drink.mp4 */ = {isa = PBXFileReference; lastKnownFileType = file; path = "hot drink.mp4"; sourceTree = "<group>"; };
		8CDECA2B25B8780B007F8DF4 /* fish.mp4 */ = {isa = PBXFileReference; lastKnownFileType = file; path = fish.mp4; sourceTree = "<group>"; };
		8CDECA2C25B8780B007F8DF4 /* mcdonalds.mov */ = {isa = PBXFileReference; lastKnownFileType = video.quicktime; path = mcdonalds.mov; sourceTree = "<group>"; };
		8CDECA2D25B8780B007F8DF4 /* 110 Grill.mov */ = {isa = PBXFileReference; lastKnownFileType = video.quicktime; path = "110 Grill.mov"; sourceTree = "<group>"; };
		8CDECA2E25B8780C007F8DF4 /* chicken.mp4 */ = {isa = PBXFileReference; lastKnownFileType = file; path = chicken.mp4; sourceTree = "<group>"; };
		8CDECA3E25B88B1E007F8DF4 /* to eat.mp4 */ = {isa = PBXFileReference; lastKnownFileType = file; path = "to eat.mp4"; sourceTree = "<group>"; };
		8CDECA3F25B88B1E007F8DF4 /* whatwant.mp4 */ = {isa = PBXFileReference; lastKnownFileType = file; path = whatwant.mp4; sourceTree = "<group>"; };
		8CDECA4025B88B1F007F8DF4 /* pizza.mp4 */ = {isa = PBXFileReference; lastKnownFileType = file; path = pizza.mp4; sourceTree = "<group>"; };
		8CDECA4125B88B1F007F8DF4 /* tea.mp4 */ = {isa = PBXFileReference; lastKnownFileType = file; path = tea.mp4; sourceTree = "<group>"; };
		8CDECA4225B88B1F007F8DF4 /* soda.mp4 */ = {isa = PBXFileReference; lastKnownFileType = file; path = soda.mp4; sourceTree = "<group>"; };
		8CDECA4325B88B20007F8DF4 /* want to.mp4 */ = {isa = PBXFileReference; lastKnownFileType = file; path = "want to.mp4"; sourceTree = "<group>"; };
		8CDECA4425B88B20007F8DF4 /* to drink.mp4 */ = {isa = PBXFileReference; lastKnownFileType = file; path = "to drink.mp4"; sourceTree = "<group>"; };
		8CDECA4525B88B20007F8DF4 /* juice.mp4 */ = {isa = PBXFileReference; lastKnownFileType = file; path = juice.mp4; sourceTree = "<group>"; };
		8CDECA4625B88B21007F8DF4 /* milk.mp4 */ = {isa = PBXFileReference; lastKnownFileType = file; path = milk.mp4; sourceTree = "<group>"; };
		8CDECA4725B88B21007F8DF4 /* filet.mp4 */ = {isa = PBXFileReference; lastKnownFileType = file; path = filet.mp4; sourceTree = "<group>"; };
		8CDECA4825B88B21007F8DF4 /* spaghetti.mp4 */ = {isa = PBXFileReference; lastKnownFileType = file; path = spaghetti.mp4; sourceTree = "<group>"; };
		8CDECA4925B88B21007F8DF4 /* sushi.mp4 */ = {isa = PBXFileReference; lastKnownFileType = file; path = sushi.mp4; sourceTree = "<group>"; };
		8CDECA4A25B88B22007F8DF4 /* coffee.mp4 */ = {isa = PBXFileReference; lastKnownFileType = file; path = coffee.mp4; sourceTree = "<group>"; };
		8CDECA4B25B88B22007F8DF4 /* pasta.mp4 */ = {isa = PBXFileReference; lastKnownFileType = file; path = pasta.mp4; sourceTree = "<group>"; };
		8CDECA7125B9BABA007F8DF4 /* salmon.mp4 */ = {isa = PBXFileReference; lastKnownFileType = file; path = salmon.mp4; sourceTree = "<group>"; };
		8CE669AD2542FEC400833748 /* Sentences.swift */ = {isa = PBXFileReference; lastKnownFileType = sourcecode.swift; path = Sentences.swift; sourceTree = "<group>"; };
		A35F86BAC4F97E5110070D86 /* Pods-LASDictionaryV2.release.xcconfig */ = {isa = PBXFileReference; includeInIndex = 1; lastKnownFileType = text.xcconfig; name = "Pods-LASDictionaryV2.release.xcconfig"; path = "Target Support Files/Pods-LASDictionaryV2/Pods-LASDictionaryV2.release.xcconfig"; sourceTree = "<group>"; };
		ADC20277D93E0ED02EACD39B /* Pods_LASDictionaryV2.framework */ = {isa = PBXFileReference; explicitFileType = wrapper.framework; includeInIndex = 0; path = Pods_LASDictionaryV2.framework; sourceTree = BUILT_PRODUCTS_DIR; };
/* End PBXFileReference section */

/* Begin PBXFrameworksBuildPhase section */
		8C6EDC2F2226CF9000D370C0 /* Frameworks */ = {
			isa = PBXFrameworksBuildPhase;
			buildActionMask = 2147483647;
			files = (
				C05898D7CAE3345062C4A12D /* Pods_LASDictionaryV2.framework in Frameworks */,
			);
			runOnlyForDeploymentPostprocessing = 0;
		};
/* End PBXFrameworksBuildPhase section */

/* Begin PBXGroup section */
		7E4836C19BB49AAA216721D6 /* Pods */ = {
			isa = PBXGroup;
			children = (
				82AA7DAE03A7D705BE374886 /* Pods-LASDictionaryV2.debug.xcconfig */,
				A35F86BAC4F97E5110070D86 /* Pods-LASDictionaryV2.release.xcconfig */,
			);
			path = Pods;
			sourceTree = "<group>";
		};
		8C1605DD25B7168F00AD9BF3 /* Medical */ = {
			isa = PBXGroup;
			children = (
				8CDECA0125B871CB007F8DF4 /* VIdeos */,
				8C1605DE25B7173C00AD9BF3 /* MedicalViewController.swift */,
				8C1605E025B7185200AD9BF3 /* MedicalVIdeoPlayer.swift */,
				8C1605E225B7185D00AD9BF3 /* MedicalPlayerView.swift */,
				8C16061225B7314100AD9BF3 /* WantMedicalViewController.swift */,
				8C16061425B738DD00AD9BF3 /* WantMedicalPlayerView.swift */,
				8C16061625B738E800AD9BF3 /* WantMedicalVideoPlayer.swift */,
			);
			path = Medical;
			sourceTree = "<group>";
		};
		8C6203ED22D8C2CF004D90FA /* Extensions */ = {
			isa = PBXGroup;
			children = (
				8C6203EE22D8C2E2004D90FA /* UserDefaults.swift */,
				8CA94B22249A5780008CC9CA /* Extensions.swift */,
			);
			path = Extensions;
			sourceTree = "<group>";
		};
		8C6EDC292226CF8F00D370C0 = {
			isa = PBXGroup;
			children = (
				8C6EDC342226CF9000D370C0 /* LASDictionaryV2 */,
				8C6EDC332226CF9000D370C0 /* Products */,
				7E4836C19BB49AAA216721D6 /* Pods */,
				DF8ABD1A8576A9D66A84C798 /* Frameworks */,
			);
			sourceTree = "<group>";
		};
		8C6EDC332226CF9000D370C0 /* Products */ = {
			isa = PBXGroup;
			children = (
				8C6EDC322226CF9000D370C0 /* LASDictionary.app */,
			);
			name = Products;
			sourceTree = "<group>";
		};
		8C6EDC342226CF9000D370C0 /* LASDictionaryV2 */ = {
			isa = PBXGroup;
			children = (
				8C6203ED22D8C2CF004D90FA /* Extensions */,
				8C6EDC4A2226F27D00D370C0 /* Model */,
				8C6EDC472226F25600D370C0 /* Views */,
				8C8E93A5227CBCF400D928F5 /* Cells */,
				8C8E93A4227CBC7100D928F5 /* View Controllers */,
				8C6EDC352226CF9000D370C0 /* AppDelegate.swift */,
				8C6EDC392226CF9000D370C0 /* Main.storyboard */,
				8CC77C8E224A9E32000ACDEB /* GoogleService-Info.plist */,
				8C6EDC3E2226CF9100D370C0 /* LaunchScreen.storyboard */,
				8C6EDC412226CF9100D370C0 /* Info.plist */,
				8C6EDC3C2226CF9100D370C0 /* Assets.xcassets */,
				8CD09AEA248E80B4002DBF8C /* auteurs.json */,
				8CD9C6B023A020380015417C /* convertcsv.json */,
				8C86DF5D238866AC00404B80 /* csvjson.json */,
				8CC3650B23156AD100839C5D /* original.json */,
			);
			path = LASDictionaryV2;
			sourceTree = "<group>";
		};
		8C6EDC472226F25600D370C0 /* Views */ = {
			isa = PBXGroup;
			children = (
				8CD6B0A4225503E2002F60FC /* VideoView.swift */,
				8C67E0E922E781E800CE35C7 /* FavoriteVideoView.swift */,
			);
			path = Views;
			sourceTree = "<group>";
		};
		8C6EDC4A2226F27D00D370C0 /* Model */ = {
			isa = PBXGroup;
			children = (
				8C6EDC4B2226F28D00D370C0 /* Signs.swift */,
				8C2C04502344E44300A48AF6 /* Restaurant.swift */,
				8C8529F623103CAF002B7DDA /* Sections.swift */,
				8CE669AD2542FEC400833748 /* Sentences.swift */,
				8CC838BE254C63A9008B7A4F /* BonsaiPopupUtility.swift */,
				8C95E02A2550508C000610BA /* BonsaiNotificationUtility.swift */,
				8C5CE615255B12C50079C115 /* BonsaiFullScreenPopUtility.swift */,
			);
			path = Model;
			sourceTree = "<group>";
		};
		8C8E93A4227CBC7100D928F5 /* View Controllers */ = {
			isa = PBXGroup;
			children = (
				8CE9C62A255ACFD500247190 /* Sentence Starters */,
				8C9AD2C224E6CA3800DE8B8B /* Auteurs */,
				8C4BDD9222E8B4EF003B24C5 /* FavoriteDetailViewController.swift */,
				8C6EDC7E22287BF200D370C0 /* DetailViewController.swift */,
				8CA177C72236A14E00192679 /* DictionaryTableViewController.swift */,
				8C6EDC5722271E1600D370C0 /* MainTableViewController.swift */,
				8C86DF5B23884D7400404B80 /* DataStore.swift */,
				8C779B1022C50FC50070C1D0 /* FavoritesTableViewController.swift */,
				8C508E6F257818EF00404AA4 /* NumberViewController.swift */,
			);
			path = "View Controllers";
			sourceTree = "<group>";
		};
		8C8E93A5227CBCF400D928F5 /* Cells */ = {
			isa = PBXGroup;
			children = (
				8C6EDC7C2228463500D370C0 /* SignTableViewCell.swift */,
				8CAF5E9022C63FAE00D568A3 /* FavoritesTableViewCell.swift */,
				8CA177C92236A84000192679 /* DictionaryTableViewCell.swift */,
				8C9CA17025409EBA0004FA9A /* SentencesTableViewCell.swift */,
				8C508E7125781A2C00404AA4 /* NumberTableViewCell.swift */,
			);
			path = Cells;
			sourceTree = "<group>";
		};
		8C93FEE825B9C63100EFA6B8 /* Out to Eat */ = {
			isa = PBXGroup;
			children = (
				8C93FEE925B9C64600EFA6B8 /* OutEatViewController.swift */,
				8C93FEEB25B9C79700EFA6B8 /* EatVideoPlayer.swift */,
				8C93FEED25B9C7A200EFA6B8 /* EatPlayerView.swift */,
				8CD88D1025C0A3BC0035A9C4 /* StarbucksViewController.swift */,
				8CD88D1225C0A6850035A9C4 /* StarbucksVideoPlayer.swift */,
				8CD88D1425C0A68F0035A9C4 /* StarbucksPlayerView.swift */,
			);
			path = "Out to Eat";
			sourceTree = "<group>";
		};
		8C99CD0025B205210023399F /* Office */ = {
			isa = PBXGroup;
			children = (
				8C99CD2F25B2128D0023399F /* Videos */,
				8CC83895254AEF41008B7A4F /* OfficePlayerView.swift */,
				8CC83898254AF902008B7A4F /* OfficeVideoPlayer.swift */,
				8C99CD0125B2055F0023399F /* OfficeViewController.swift */,
				8C99CD2725B209A90023399F /* SendMeViewController.swift */,
				8C99CD2925B20B2F0023399F /* sendMeVideoPlayer.swift */,
				8C99CD7E25B21AF20023399F /* DonateVideoPlayer.swift */,
				8C99CD3225B212CF0023399F /* QuestionsVideoPlayer.swift */,
				8C99CD2B25B20B6B0023399F /* sendMePlayerView.swift */,
				8C99CD2D25B212840023399F /* QuestionsAboutViewController.swift */,
				8C99CD3025B212B30023399F /* QuestionsPlayerView.swift */,
				8C99CD7C25B21AB10023399F /* DonatePlayerView.swift */,
				8C99CD7A25B21A9B0023399F /* DonateViewController.swift */,
			);
			path = Office;
			sourceTree = "<group>";
		};
		8C99CD2F25B2128D0023399F /* Videos */ = {
			isa = PBXGroup;
			children = (
				8CD9846C25BA0AA20087D308 /* copyyourcard.mp4 */,
				8C99CD1325B209380023399F /* a report.mp4 */,
				8C99CD0A25B209250023399F /* an email.mp4 */,
				8C99CD7925B2199A0023399F /* copycard.mp4 */,
				8C99CD0D25B2092C0023399F /* copy of the bill.mp4 */,
				8C99CD1525B2093C0023399F /* donate to who.mp4 */,
				8C99CD1625B209400023399F /* donations.mp4 */,
				8C99CD0B25B209270023399F /* murlo foundation.mp4 */,
				8C99CD1025B209320023399F /* questions about.mp4 */,
				8C99CD0925B209230023399F /* safe haven.mp4 */,
				8C99CD0F25B209300023399F /* send me.mp4 */,
				8C99CD0E25B2092E0023399F /* text with total.mp4 */,
				8C99CD1425B2093A0023399F /* the call.mp4 */,
				8C99CD0725B2091F0023399F /* the meeting.mp4 */,
				8C99CD1125B209340023399F /* transfer.mp4 */,
			);
			path = Videos;
			sourceTree = "<group>";
		};
		8C9AD2C224E6CA3800DE8B8B /* Auteurs */ = {
			isa = PBXGroup;
			children = (
				8C9AD2C324E6CA7600DE8B8B /* AuteurTableViewController.swift */,
				8C9AD2C724E6CB1700DE8B8B /* Film.swift */,
				8C9AD2C924E6CB2100DE8B8B /* Auteur.swift */,
				8C30A45F24F54B81001AA7CF /* AuteurTableViewCell.swift */,
				8CC53E8624F5854B00C3BBF3 /* DetailTableViewCell.swift */,
				8C99247B251CD0210016CB45 /* DetailTableViewController.swift */,
				8C777664252E3D6600559D34 /* ImageView.swift */,
				8C777667252E43F000559D34 /* FullImageView.swift */,
			);
			path = Auteurs;
			sourceTree = "<group>";
		};
		8CC2BD5E2576944D00625572 /* Videos */ = {
			isa = PBXGroup;
			children = (
				8CDECA2D25B8780B007F8DF4 /* 110 Grill.mov */,
				8CDECA7125B9BABA007F8DF4 /* salmon.mp4 */,
				8CDECA2525B87809007F8DF4 /* cake pop.mp4 */,
				8CDECA4A25B88B22007F8DF4 /* coffee.mp4 */,
				8CDECA4725B88B21007F8DF4 /* filet.mp4 */,
				8CDECA4525B88B20007F8DF4 /* juice.mp4 */,
				8CDECA4625B88B21007F8DF4 /* milk.mp4 */,
				8CDECA4B25B88B22007F8DF4 /* pasta.mp4 */,
				8CDECA4025B88B1F007F8DF4 /* pizza.mp4 */,
				8CDECA4225B88B1F007F8DF4 /* soda.mp4 */,
				8CDECA4825B88B21007F8DF4 /* spaghetti.mp4 */,
				8CDECA4925B88B21007F8DF4 /* sushi.mp4 */,
				8CDECA4125B88B1F007F8DF4 /* tea.mp4 */,
				8CDECA4425B88B20007F8DF4 /* to drink.mp4 */,
				8C01EAED25B9F59E0015DF10 /* mtholyoke art museum.mp4 */,
				8C01EAEE25B9F59E0015DF10 /* mt.holyoke.mp4 */,
				8CDECA3E25B88B1E007F8DF4 /* to eat.mp4 */,
				8CDECA4325B88B20007F8DF4 /* want to.mp4 */,
				8CDECA3F25B88B1E007F8DF4 /* whatwant.mp4 */,
				8CDECA2E25B8780C007F8DF4 /* chicken.mp4 */,
				8CDECA2225B87808007F8DF4 /* croissant.mp4 */,
				8CDECA2325B87808007F8DF4 /* do you want snacks.mp4 */,
				8CDECA2125B87807007F8DF4 /* do you want to go.mp4 */,
				8CDECA2425B87808007F8DF4 /* Entertainment.mov */,
				8CDECA2B25B8780B007F8DF4 /* fish.mp4 */,
				8CD88D1625C0AD9B0035A9C4 /* cold drink.mp4 */,
				8CDECA2A25B8780A007F8DF4 /* hot drink.mp4 */,
				8CDECA2025B87807007F8DF4 /* Latte.mp4 */,
				8CDECA2825B8780A007F8DF4 /* maybe later.mp4 */,
				8CDECA2C25B8780B007F8DF4 /* mcdonalds.mov */,
				8CDECA2625B87809007F8DF4 /* No.mp4 */,
				8CDECA2925B8780A007F8DF4 /* the diner.mp4 */,
				8CDECA2725B87809007F8DF4 /* yes.mp4 */,
				8C99CCF825AF3FD60023399F /* hulu.mov */,
				8CC2BD672576947200625572 /* water.mov */,
			);
			path = Videos;
			sourceTree = "<group>";
		};
		8CDECA0125B871CB007F8DF4 /* VIdeos */ = {
			isa = PBXGroup;
			children = (
				8CDECA0F25B871E3007F8DF4 /* advil pm.mp4 */,
				8CDECA0C25B871E2007F8DF4 /* advil.mp4 */,
				8CDECA0225B871DF007F8DF4 /* allergies.mov */,
				8CDECA0325B871DF007F8DF4 /* benadryl.mp4 */,
				8CDECA0D25B871E3007F8DF4 /* call cheryl.mp4 */,
				8CDECA0725B871E1007F8DF4 /* extra flex.mp4 */,
				8CDECA0B25B871E2007F8DF4 /* eye drops.mp4 */,
				8CDECA0825B871E1007F8DF4 /* eyes.mov */,
				8CDECA0A25B871E2007F8DF4 /* head.mov */,
				8CDECA0525B871E0007F8DF4 /* muscles.mov */,
				8CDECA0925B871E1007F8DF4 /* need something.mp4 */,
				8CDECA0E25B871E3007F8DF4 /* pain patch.mp4 */,
				8CDECA1025B871E3007F8DF4 /* sinuses.mov */,
				8CDECA0625B871E0007F8DF4 /* sudafed.mp4 */,
				8CDECA0425B871E0007F8DF4 /* do want.mp4 */,
			);
			path = VIdeos;
			sourceTree = "<group>";
		};
		8CE9C62A255ACFD500247190 /* Sentence Starters */ = {
			isa = PBXGroup;
			children = (
				8C93FEE825B9C63100EFA6B8 /* Out to Eat */,
				8C1605DD25B7168F00AD9BF3 /* Medical */,
				8C99CD0025B205210023399F /* Office */,
				8C99CD0325B205A20023399F /* PlayerView.swift */,
				8C99CD0425B205A20023399F /* VideoPlayer.swift */,
				8CC2BD5E2576944D00625572 /* Videos */,
				8C9CA150253E04D70004FA9A /* FoodViewController.swift */,
				8CB10C0A2548614F00B3E06B /* SentenceStarters.swift */,
				8CC838BB254C38B1008B7A4F /* SmallViewController.swift */,
				8C4FA17F2576A21A006A8944 /* FoodPlayerView.swift */,
				8C4FA1AF2576BBCE006A8944 /* FoodVideoPlayer.swift */,
				8C99CCFA25AF40F90023399F /* WatchViewController.swift */,
				8C99CCFC25AF494B0023399F /* WatchPlayerView.swift */,
				8C99CCFE25AF4AB20023399F /* WatchVideoPlayer.swift */,
			);
			path = "Sentence Starters";
			sourceTree = "<group>";
		};
		DF8ABD1A8576A9D66A84C798 /* Frameworks */ = {
			isa = PBXGroup;
			children = (
				ADC20277D93E0ED02EACD39B /* Pods_LASDictionaryV2.framework */,
			);
			name = Frameworks;
			sourceTree = "<group>";
		};
/* End PBXGroup section */

/* Begin PBXNativeTarget section */
		8C6EDC312226CF9000D370C0 /* LASDictionaryV2 */ = {
			isa = PBXNativeTarget;
			buildConfigurationList = 8C6EDC442226CF9100D370C0 /* Build configuration list for PBXNativeTarget "LASDictionaryV2" */;
			buildPhases = (
				0A06B62FA078C9AB2F6CFACC /* [CP] Check Pods Manifest.lock */,
				8C6EDC2E2226CF9000D370C0 /* Sources */,
				8C6EDC2F2226CF9000D370C0 /* Frameworks */,
				8C6EDC302226CF9000D370C0 /* Resources */,
				8C9890E22554373700E479C4 /* Embed Frameworks */,
				3B91CB8A6F1E67CD93F7F90A /* [CP] Embed Pods Frameworks */,
			);
			buildRules = (
			);
			dependencies = (
			);
			name = LASDictionaryV2;
			productName = LASDictionaryV2;
			productReference = 8C6EDC322226CF9000D370C0 /* LASDictionary.app */;
			productType = "com.apple.product-type.application";
		};
/* End PBXNativeTarget section */

/* Begin PBXProject section */
		8C6EDC2A2226CF8F00D370C0 /* Project object */ = {
			isa = PBXProject;
			attributes = {
				LastSwiftUpdateCheck = 1010;
				LastUpgradeCheck = 1200;
				ORGANIZATIONNAME = LAS;
				TargetAttributes = {
					8C6EDC312226CF9000D370C0 = {
						CreatedOnToolsVersion = 10.1;
						LastSwiftMigration = 1020;
					};
				};
			};
			buildConfigurationList = 8C6EDC2D2226CF8F00D370C0 /* Build configuration list for PBXProject "LASDictionaryV2" */;
			compatibilityVersion = "Xcode 12.0";
			developmentRegion = en;
			hasScannedForEncodings = 0;
			knownRegions = (
				en,
				Base,
			);
			mainGroup = 8C6EDC292226CF8F00D370C0;
			productRefGroup = 8C6EDC332226CF9000D370C0 /* Products */;
			projectDirPath = "";
			projectRoot = "";
			targets = (
				8C6EDC312226CF9000D370C0 /* LASDictionaryV2 */,
			);
		};
/* End PBXProject section */

/* Begin PBXResourcesBuildPhase section */
		8C6EDC302226CF9000D370C0 /* Resources */ = {
			isa = PBXResourcesBuildPhase;
			buildActionMask = 2147483647;
			files = (
				8CD9846D25BA0AA20087D308 /* copyyourcard.mp4 in Resources */,
				8CDECA2F25B8780C007F8DF4 /* Latte.mp4 in Resources */,
				8CDECA4E25B88B22007F8DF4 /* pizza.mp4 in Resources */,
				8CDECA5625B88B22007F8DF4 /* spaghetti.mp4 in Resources */,
				8CDECA5225B88B22007F8DF4 /* to drink.mp4 in Resources */,
				8CDECA4C25B88B22007F8DF4 /* to eat.mp4 in Resources */,
				8CDECA5025B88B22007F8DF4 /* soda.mp4 in Resources */,
				8CDECA4F25B88B22007F8DF4 /* tea.mp4 in Resources */,
				8CDECA3D25B8780C007F8DF4 /* chicken.mp4 in Resources */,
				8C99CD2625B209420023399F /* donations.mp4 in Resources */,
				8C99CCF925AF3FD60023399F /* hulu.mov in Resources */,
				8CDECA1325B871E4007F8DF4 /* do want.mp4 in Resources */,
				8CDECA1225B871E4007F8DF4 /* benadryl.mp4 in Resources */,
				8CDECA1E25B871E4007F8DF4 /* advil pm.mp4 in Resources */,
				8CDECA1825B871E4007F8DF4 /* need something.mp4 in Resources */,
				8CDECA3A25B8780C007F8DF4 /* fish.mp4 in Resources */,
				8CDECA7225B9BABA007F8DF4 /* salmon.mp4 in Resources */,
				8CDECA5425B88B22007F8DF4 /* milk.mp4 in Resources */,
				8CDECA3825B8780C007F8DF4 /* the diner.mp4 in Resources */,
				8CDECA1B25B871E4007F8DF4 /* advil.mp4 in Resources */,
				8CDECA3525B8780C007F8DF4 /* No.mp4 in Resources */,
				8C99CD2125B209420023399F /* transfer.mp4 in Resources */,
				8C6EDC402226CF9100D370C0 /* LaunchScreen.storyboard in Resources */,
				8C99CD1D25B209420023399F /* copy of the bill.mp4 in Resources */,
				8CDECA5725B88B22007F8DF4 /* sushi.mp4 in Resources */,
				8C01EAF025B9F59E0015DF10 /* mt.holyoke.mp4 in Resources */,
				8CDECA3125B8780C007F8DF4 /* croissant.mp4 in Resources */,
				8CDECA3225B8780C007F8DF4 /* do you want snacks.mp4 in Resources */,
				8CC2BD772576948300625572 /* water.mov in Resources */,
				8C99CD1B25B209420023399F /* murlo foundation.mp4 in Resources */,
				8C01EAEF25B9F59E0015DF10 /* mtholyoke art museum.mp4 in Resources */,
				8CDECA1125B871E4007F8DF4 /* allergies.mov in Resources */,
				8C99CD2325B209420023399F /* a report.mp4 in Resources */,
				8C99CD2525B209420023399F /* donate to who.mp4 in Resources */,
				8CDECA1925B871E4007F8DF4 /* head.mov in Resources */,
				8CDECA3B25B8780C007F8DF4 /* mcdonalds.mov in Resources */,
				8CDECA3625B8780C007F8DF4 /* yes.mp4 in Resources */,
				8CDECA3425B8780C007F8DF4 /* cake pop.mp4 in Resources */,
				8CDECA1D25B871E4007F8DF4 /* pain patch.mp4 in Resources */,
				8C99CD1F25B209420023399F /* send me.mp4 in Resources */,
				8C99CD1E25B209420023399F /* text with total.mp4 in Resources */,
				8CD9C6B123A020380015417C /* convertcsv.json in Resources */,
				8CDECA1F25B871E4007F8DF4 /* sinuses.mov in Resources */,
				8C86DF5E238866AC00404B80 /* csvjson.json in Resources */,
				8C99CD2425B209420023399F /* the call.mp4 in Resources */,
				8CDECA1A25B871E4007F8DF4 /* eye drops.mp4 in Resources */,
				8CDECA1725B871E4007F8DF4 /* eyes.mov in Resources */,
				8C6EDC3D2226CF9100D370C0 /* Assets.xcassets in Resources */,
				8C99CD2025B209420023399F /* questions about.mp4 in Resources */,
				8CDECA3925B8780C007F8DF4 /* hot drink.mp4 in Resources */,
				8CDECA1C25B871E4007F8DF4 /* call cheryl.mp4 in Resources */,
				8C99CD1A25B209420023399F /* an email.mp4 in Resources */,
				8CDECA3325B8780C007F8DF4 /* Entertainment.mov in Resources */,
				8CC3650C23156AD100839C5D /* original.json in Resources */,
				8CDECA5325B88B22007F8DF4 /* juice.mp4 in Resources */,
				8CDECA3025B8780C007F8DF4 /* do you want to go.mp4 in Resources */,
				8CDECA4D25B88B22007F8DF4 /* whatwant.mp4 in Resources */,
				8CDECA5525B88B22007F8DF4 /* filet.mp4 in Resources */,
				8CDECA3C25B8780C007F8DF4 /* 110 Grill.mov in Resources */,
				8CDECA1425B871E4007F8DF4 /* muscles.mov in Resources */,
				8CD09AEB248E80B4002DBF8C /* auteurs.json in Resources */,
				8CDECA5925B88B22007F8DF4 /* pasta.mp4 in Resources */,
				8CDECA3725B8780C007F8DF4 /* maybe later.mp4 in Resources */,
				8CC77C8F224A9E32000ACDEB /* GoogleService-Info.plist in Resources */,
				8C99CD1725B209420023399F /* the meeting.mp4 in Resources */,
				8CDECA1625B871E4007F8DF4 /* extra flex.mp4 in Resources */,
				8C6EDC3B2226CF9000D370C0 /* Main.storyboard in Resources */,
				8C99CD1925B209420023399F /* safe haven.mp4 in Resources */,
				8CDECA1525B871E4007F8DF4 /* sudafed.mp4 in Resources */,
				8CDECA5125B88B22007F8DF4 /* want to.mp4 in Resources */,
				8CD88D1725C0AD9B0035A9C4 /* cold drink.mp4 in Resources */,
				8CDECA5825B88B22007F8DF4 /* coffee.mp4 in Resources */,
			);
			runOnlyForDeploymentPostprocessing = 0;
		};
/* End PBXResourcesBuildPhase section */

/* Begin PBXShellScriptBuildPhase section */
		0A06B62FA078C9AB2F6CFACC /* [CP] Check Pods Manifest.lock */ = {
			isa = PBXShellScriptBuildPhase;
			buildActionMask = 2147483647;
			files = (
			);
			inputFileListPaths = (
			);
			inputPaths = (
				"${PODS_PODFILE_DIR_PATH}/Podfile.lock",
				"${PODS_ROOT}/Manifest.lock",
			);
			name = "[CP] Check Pods Manifest.lock";
			outputFileListPaths = (
			);
			outputPaths = (
				"$(DERIVED_FILE_DIR)/Pods-LASDictionaryV2-checkManifestLockResult.txt",
			);
			runOnlyForDeploymentPostprocessing = 0;
			shellPath = /bin/sh;
			shellScript = "diff \"${PODS_PODFILE_DIR_PATH}/Podfile.lock\" \"${PODS_ROOT}/Manifest.lock\" > /dev/null\nif [ $? != 0 ] ; then\n    # print error to STDERR\n    echo \"error: The sandbox is not in sync with the Podfile.lock. Run 'pod install' or update your CocoaPods installation.\" >&2\n    exit 1\nfi\n# This output is used by Xcode 'outputs' to avoid re-running this script phase.\necho \"SUCCESS\" > \"${SCRIPT_OUTPUT_FILE_0}\"\n";
			showEnvVarsInLog = 0;
		};
		3B91CB8A6F1E67CD93F7F90A /* [CP] Embed Pods Frameworks */ = {
			isa = PBXShellScriptBuildPhase;
			buildActionMask = 2147483647;
			files = (
			);
			inputFileListPaths = (
				"${PODS_ROOT}/Target Support Files/Pods-LASDictionaryV2/Pods-LASDictionaryV2-frameworks-${CONFIGURATION}-input-files.xcfilelist",
			);
			name = "[CP] Embed Pods Frameworks";
			outputFileListPaths = (
				"${PODS_ROOT}/Target Support Files/Pods-LASDictionaryV2/Pods-LASDictionaryV2-frameworks-${CONFIGURATION}-output-files.xcfilelist",
			);
			runOnlyForDeploymentPostprocessing = 0;
			shellPath = /bin/sh;
			shellScript = "\"${PODS_ROOT}/Target Support Files/Pods-LASDictionaryV2/Pods-LASDictionaryV2-frameworks.sh\"\n";
			showEnvVarsInLog = 0;
		};
/* End PBXShellScriptBuildPhase section */

/* Begin PBXSourcesBuildPhase section */
		8C6EDC2E2226CF9000D370C0 /* Sources */ = {
			isa = PBXSourcesBuildPhase;
			buildActionMask = 2147483647;
			files = (
				8C99CD0225B2055F0023399F /* OfficeViewController.swift in Sources */,
				8CA177CA2236A84000192679 /* DictionaryTableViewCell.swift in Sources */,
				8C99CCFD25AF494B0023399F /* WatchPlayerView.swift in Sources */,
				8C99CD0525B205A20023399F /* PlayerView.swift in Sources */,
				8C99CCFF25AF4AB20023399F /* WatchVideoPlayer.swift in Sources */,
				8C99CD2C25B20B6B0023399F /* sendMePlayerView.swift in Sources */,
				8C30A46024F54B81001AA7CF /* AuteurTableViewCell.swift in Sources */,
				8CE669AE2542FEC400833748 /* Sentences.swift in Sources */,
				8CC83896254AEF41008B7A4F /* OfficePlayerView.swift in Sources */,
				8C86DF5C23884D7400404B80 /* DataStore.swift in Sources */,
				8C779B1122C50FC50070C1D0 /* FavoritesTableViewController.swift in Sources */,
				8C93FEEA25B9C64600EFA6B8 /* OutEatViewController.swift in Sources */,
				8CC83899254AF902008B7A4F /* OfficeVideoPlayer.swift in Sources */,
				8C4BDD9322E8B4EF003B24C5 /* FavoriteDetailViewController.swift in Sources */,
				8C99CD2825B209A90023399F /* SendMeViewController.swift in Sources */,
				8C16061525B738DD00AD9BF3 /* WantMedicalPlayerView.swift in Sources */,
				8C9CA17125409EBA0004FA9A /* SentencesTableViewCell.swift in Sources */,
				8C99CD3325B212CF0023399F /* QuestionsVideoPlayer.swift in Sources */,
				8C9AD2CA24E6CB2100DE8B8B /* Auteur.swift in Sources */,
				8C1605DF25B7173C00AD9BF3 /* MedicalViewController.swift in Sources */,
				8C5CE616255B12C50079C115 /* BonsaiFullScreenPopUtility.swift in Sources */,
				8C8529F723103CAF002B7DDA /* Sections.swift in Sources */,
				8C1605E325B7185D00AD9BF3 /* MedicalPlayerView.swift in Sources */,
				8C99CD2E25B212840023399F /* QuestionsAboutViewController.swift in Sources */,
				8CC53E8724F5854B00C3BBF3 /* DetailTableViewCell.swift in Sources */,
				8C99CCFB25AF40F90023399F /* WatchViewController.swift in Sources */,
				8CC838BC254C38B1008B7A4F /* SmallViewController.swift in Sources */,
				8C99247C251CD0210016CB45 /* DetailTableViewController.swift in Sources */,
				8CD88D1125C0A3BC0035A9C4 /* StarbucksViewController.swift in Sources */,
				8C4FA1802576A21A006A8944 /* FoodPlayerView.swift in Sources */,
				8C67E0EA22E781E800CE35C7 /* FavoriteVideoView.swift in Sources */,
				8C508E70257818EF00404AA4 /* NumberViewController.swift in Sources */,
				8CD88D1325C0A6850035A9C4 /* StarbucksVideoPlayer.swift in Sources */,
				8C9AD2C824E6CB1700DE8B8B /* Film.swift in Sources */,
				8C777665252E3D6600559D34 /* ImageView.swift in Sources */,
				8C6EDC4C2226F28D00D370C0 /* Signs.swift in Sources */,
				8C99CD0625B205A20023399F /* VideoPlayer.swift in Sources */,
				8C99CD7B25B21A9B0023399F /* DonateViewController.swift in Sources */,
				8CD88D1525C0A68F0035A9C4 /* StarbucksPlayerView.swift in Sources */,
				8C99CD2A25B20B2F0023399F /* sendMeVideoPlayer.swift in Sources */,
				8C99CD7F25B21AF20023399F /* DonateVideoPlayer.swift in Sources */,
				8CC838BF254C63A9008B7A4F /* BonsaiPopupUtility.swift in Sources */,
				8CA177C82236A14E00192679 /* DictionaryTableViewController.swift in Sources */,
				8C6EDC362226CF9000D370C0 /* AppDelegate.swift in Sources */,
				8CA94B23249A5780008CC9CA /* Extensions.swift in Sources */,
				8CB10C0B2548614F00B3E06B /* SentenceStarters.swift in Sources */,
				8C95E02B2550508C000610BA /* BonsaiNotificationUtility.swift in Sources */,
				8C4FA1B02576BBCE006A8944 /* FoodVideoPlayer.swift in Sources */,
				8C6EDC7D2228463500D370C0 /* SignTableViewCell.swift in Sources */,
				8C99CD7D25B21AB10023399F /* DonatePlayerView.swift in Sources */,
				8CD6B0A5225503E2002F60FC /* VideoView.swift in Sources */,
				8C6EDC5822271E1600D370C0 /* MainTableViewController.swift in Sources */,
				8C93FEEC25B9C79700EFA6B8 /* EatVideoPlayer.swift in Sources */,
				8C93FEEE25B9C7A200EFA6B8 /* EatPlayerView.swift in Sources */,
				8C1605E125B7185200AD9BF3 /* MedicalVIdeoPlayer.swift in Sources */,
				8C777668252E43F000559D34 /* FullImageView.swift in Sources */,
				8C9AD2C424E6CA7600DE8B8B /* AuteurTableViewController.swift in Sources */,
				8C99CD3125B212B30023399F /* QuestionsPlayerView.swift in Sources */,
				8C508E7225781A2C00404AA4 /* NumberTableViewCell.swift in Sources */,
				8C16061325B7314100AD9BF3 /* WantMedicalViewController.swift in Sources */,
				8C6203EF22D8C2E2004D90FA /* UserDefaults.swift in Sources */,
				8C2C04512344E44300A48AF6 /* Restaurant.swift in Sources */,
				8C16061725B738E800AD9BF3 /* WantMedicalVideoPlayer.swift in Sources */,
				8C6EDC7F22287BF200D370C0 /* DetailViewController.swift in Sources */,
				8CAF5E9122C63FAE00D568A3 /* FavoritesTableViewCell.swift in Sources */,
				8C9CA151253E04D70004FA9A /* FoodViewController.swift in Sources */,
			);
			runOnlyForDeploymentPostprocessing = 0;
		};
/* End PBXSourcesBuildPhase section */

/* Begin PBXVariantGroup section */
		8C6EDC392226CF9000D370C0 /* Main.storyboard */ = {
			isa = PBXVariantGroup;
			children = (
				8C6EDC3A2226CF9000D370C0 /* Base */,
				8C778691242A410900F87D4D /* en */,
			);
			name = Main.storyboard;
			sourceTree = "<group>";
		};
		8C6EDC3E2226CF9100D370C0 /* LaunchScreen.storyboard */ = {
			isa = PBXVariantGroup;
			children = (
				8C6EDC3F2226CF9100D370C0 /* Base */,
			);
			name = LaunchScreen.storyboard;
			sourceTree = "<group>";
		};
/* End PBXVariantGroup section */

/* Begin XCBuildConfiguration section */
		8C6EDC422226CF9100D370C0 /* Debug */ = {
			isa = XCBuildConfiguration;
			buildSettings = {
				ALWAYS_SEARCH_USER_PATHS = NO;
				CLANG_ANALYZER_NONNULL = YES;
				CLANG_ANALYZER_NUMBER_OBJECT_CONVERSION = YES_AGGRESSIVE;
				CLANG_CXX_LANGUAGE_STANDARD = "gnu++14";
				CLANG_CXX_LIBRARY = "libc++";
				CLANG_ENABLE_MODULES = YES;
				CLANG_ENABLE_OBJC_ARC = YES;
				CLANG_ENABLE_OBJC_WEAK = YES;
				CLANG_WARN_BLOCK_CAPTURE_AUTORELEASING = YES;
				CLANG_WARN_BOOL_CONVERSION = YES;
				CLANG_WARN_COMMA = YES;
				CLANG_WARN_CONSTANT_CONVERSION = YES;
				CLANG_WARN_DEPRECATED_OBJC_IMPLEMENTATIONS = YES;
				CLANG_WARN_DIRECT_OBJC_ISA_USAGE = YES_ERROR;
				CLANG_WARN_DOCUMENTATION_COMMENTS = YES;
				CLANG_WARN_EMPTY_BODY = YES;
				CLANG_WARN_ENUM_CONVERSION = YES;
				CLANG_WARN_INFINITE_RECURSION = YES;
				CLANG_WARN_INT_CONVERSION = YES;
				CLANG_WARN_NON_LITERAL_NULL_CONVERSION = YES;
				CLANG_WARN_OBJC_IMPLICIT_RETAIN_SELF = YES;
				CLANG_WARN_OBJC_LITERAL_CONVERSION = YES;
				CLANG_WARN_OBJC_ROOT_CLASS = YES_ERROR;
				CLANG_WARN_QUOTED_INCLUDE_IN_FRAMEWORK_HEADER = YES;
				CLANG_WARN_RANGE_LOOP_ANALYSIS = YES;
				CLANG_WARN_STRICT_PROTOTYPES = YES;
				CLANG_WARN_SUSPICIOUS_MOVE = YES;
				CLANG_WARN_UNGUARDED_AVAILABILITY = YES_AGGRESSIVE;
				CLANG_WARN_UNREACHABLE_CODE = YES;
				CLANG_WARN__DUPLICATE_METHOD_MATCH = YES;
				CODE_SIGN_IDENTITY = "iPhone Developer";
				COPY_PHASE_STRIP = NO;
				DEBUG_INFORMATION_FORMAT = dwarf;
				ENABLE_STRICT_OBJC_MSGSEND = YES;
				ENABLE_TESTABILITY = YES;
				GCC_C_LANGUAGE_STANDARD = gnu11;
				GCC_DYNAMIC_NO_PIC = NO;
				GCC_NO_COMMON_BLOCKS = YES;
				GCC_OPTIMIZATION_LEVEL = 0;
				GCC_PREPROCESSOR_DEFINITIONS = (
					"DEBUG=1",
					"$(inherited)",
				);
				GCC_WARN_64_TO_32_BIT_CONVERSION = YES;
				GCC_WARN_ABOUT_RETURN_TYPE = YES_ERROR;
				GCC_WARN_UNDECLARED_SELECTOR = YES;
				GCC_WARN_UNINITIALIZED_AUTOS = YES_AGGRESSIVE;
				GCC_WARN_UNUSED_FUNCTION = YES;
				GCC_WARN_UNUSED_VARIABLE = YES;
				IPHONEOS_DEPLOYMENT_TARGET = 13.6;
				MTL_ENABLE_DEBUG_INFO = INCLUDE_SOURCE;
				MTL_FAST_MATH = YES;
				ONLY_ACTIVE_ARCH = YES;
				SDKROOT = iphoneos;
				SWIFT_ACTIVE_COMPILATION_CONDITIONS = DEBUG;
				SWIFT_OPTIMIZATION_LEVEL = "-Onone";
				SWIFT_VERSION = 5.0;
			};
			name = Debug;
		};
		8C6EDC432226CF9100D370C0 /* Release */ = {
			isa = XCBuildConfiguration;
			buildSettings = {
				ALWAYS_SEARCH_USER_PATHS = NO;
				CLANG_ANALYZER_NONNULL = YES;
				CLANG_ANALYZER_NUMBER_OBJECT_CONVERSION = YES_AGGRESSIVE;
				CLANG_CXX_LANGUAGE_STANDARD = "gnu++14";
				CLANG_CXX_LIBRARY = "libc++";
				CLANG_ENABLE_MODULES = YES;
				CLANG_ENABLE_OBJC_ARC = YES;
				CLANG_ENABLE_OBJC_WEAK = YES;
				CLANG_WARN_BLOCK_CAPTURE_AUTORELEASING = YES;
				CLANG_WARN_BOOL_CONVERSION = YES;
				CLANG_WARN_COMMA = YES;
				CLANG_WARN_CONSTANT_CONVERSION = YES;
				CLANG_WARN_DEPRECATED_OBJC_IMPLEMENTATIONS = YES;
				CLANG_WARN_DIRECT_OBJC_ISA_USAGE = YES_ERROR;
				CLANG_WARN_DOCUMENTATION_COMMENTS = YES;
				CLANG_WARN_EMPTY_BODY = YES;
				CLANG_WARN_ENUM_CONVERSION = YES;
				CLANG_WARN_INFINITE_RECURSION = YES;
				CLANG_WARN_INT_CONVERSION = YES;
				CLANG_WARN_NON_LITERAL_NULL_CONVERSION = YES;
				CLANG_WARN_OBJC_IMPLICIT_RETAIN_SELF = YES;
				CLANG_WARN_OBJC_LITERAL_CONVERSION = YES;
				CLANG_WARN_OBJC_ROOT_CLASS = YES_ERROR;
				CLANG_WARN_QUOTED_INCLUDE_IN_FRAMEWORK_HEADER = YES;
				CLANG_WARN_RANGE_LOOP_ANALYSIS = YES;
				CLANG_WARN_STRICT_PROTOTYPES = YES;
				CLANG_WARN_SUSPICIOUS_MOVE = YES;
				CLANG_WARN_UNGUARDED_AVAILABILITY = YES_AGGRESSIVE;
				CLANG_WARN_UNREACHABLE_CODE = YES;
				CLANG_WARN__DUPLICATE_METHOD_MATCH = YES;
				CODE_SIGN_IDENTITY = "iPhone Developer";
				COPY_PHASE_STRIP = NO;
				DEBUG_INFORMATION_FORMAT = "dwarf-with-dsym";
				ENABLE_NS_ASSERTIONS = NO;
				ENABLE_STRICT_OBJC_MSGSEND = YES;
				GCC_C_LANGUAGE_STANDARD = gnu11;
				GCC_NO_COMMON_BLOCKS = YES;
				GCC_WARN_64_TO_32_BIT_CONVERSION = YES;
				GCC_WARN_ABOUT_RETURN_TYPE = YES_ERROR;
				GCC_WARN_UNDECLARED_SELECTOR = YES;
				GCC_WARN_UNINITIALIZED_AUTOS = YES_AGGRESSIVE;
				GCC_WARN_UNUSED_FUNCTION = YES;
				GCC_WARN_UNUSED_VARIABLE = YES;
				IPHONEOS_DEPLOYMENT_TARGET = 13.6;
				MTL_ENABLE_DEBUG_INFO = NO;
				MTL_FAST_MATH = YES;
				SDKROOT = iphoneos;
				SWIFT_COMPILATION_MODE = wholemodule;
				SWIFT_OPTIMIZATION_LEVEL = "-O";
				SWIFT_VERSION = 5.0;
				VALIDATE_PRODUCT = YES;
			};
			name = Release;
		};
		8C6EDC452226CF9100D370C0 /* Debug */ = {
			isa = XCBuildConfiguration;
			baseConfigurationReference = 82AA7DAE03A7D705BE374886 /* Pods-LASDictionaryV2.debug.xcconfig */;
			buildSettings = {
				ASSETCATALOG_COMPILER_APPICON_NAME = AppIcon;
				CODE_SIGN_STYLE = Automatic;
				CURRENT_PROJECT_VERSION = 16.4;
				DEVELOPMENT_TEAM = LLP3H85GZ9;
				INFOPLIST_FILE = LASDictionaryV2/Info.plist;
				IPHONEOS_DEPLOYMENT_TARGET = 13.6;
				LD_RUNPATH_SEARCH_PATHS = (
					"$(inherited)",
					"@executable_path/Frameworks",
				);
				MARKETING_VERSION = 2;
				ONLY_ACTIVE_ARCH = YES;
				PRODUCT_BUNDLE_IDENTIFIER = com.las.LASDictionary;
				PRODUCT_NAME = LASDictionary;
				SWIFT_VERSION = 5.0;
				TARGETED_DEVICE_FAMILY = 1;
			};
			name = Debug;
		};
		8C6EDC462226CF9100D370C0 /* Release */ = {
			isa = XCBuildConfiguration;
			baseConfigurationReference = A35F86BAC4F97E5110070D86 /* Pods-LASDictionaryV2.release.xcconfig */;
			buildSettings = {
				ASSETCATALOG_COMPILER_APPICON_NAME = AppIcon;
				CODE_SIGN_STYLE = Automatic;
				CURRENT_PROJECT_VERSION = 16.4;
				DEVELOPMENT_TEAM = LLP3H85GZ9;
				INFOPLIST_FILE = LASDictionaryV2/Info.plist;
				IPHONEOS_DEPLOYMENT_TARGET = 13.6;
				LD_RUNPATH_SEARCH_PATHS = (
					"$(inherited)",
					"@executable_path/Frameworks",
				);
				MARKETING_VERSION = 2;
				ONLY_ACTIVE_ARCH = YES;
				PRODUCT_BUNDLE_IDENTIFIER = com.las.LASDictionary;
				PRODUCT_NAME = LASDictionary;
				SWIFT_VERSION = 5.0;
				TARGETED_DEVICE_FAMILY = 1;
			};
			name = Release;
		};
/* End XCBuildConfiguration section */

/* Begin XCConfigurationList section */
		8C6EDC2D2226CF8F00D370C0 /* Build configuration list for PBXProject "LASDictionaryV2" */ = {
			isa = XCConfigurationList;
			buildConfigurations = (
				8C6EDC422226CF9100D370C0 /* Debug */,
				8C6EDC432226CF9100D370C0 /* Release */,
			);
			defaultConfigurationIsVisible = 0;
			defaultConfigurationName = Release;
		};
		8C6EDC442226CF9100D370C0 /* Build configuration list for PBXNativeTarget "LASDictionaryV2" */ = {
			isa = XCConfigurationList;
			buildConfigurations = (
				8C6EDC452226CF9100D370C0 /* Debug */,
				8C6EDC462226CF9100D370C0 /* Release */,
			);
			defaultConfigurationIsVisible = 0;
			defaultConfigurationName = Release;
		};
/* End XCConfigurationList section */
	};
	rootObject = 8C6EDC2A2226CF8F00D370C0 /* Project object */;
}
