// !$*UTF8*$!
{
	archiveVersion = 1;
	classes = {
	};
	objectVersion = 51;
	objects = {

/* Begin PBXBuildFile section */
		60DFB83F60A11F1457058050 /* Pods_LASDictionaryV2.framework in Frameworks */ = {isa = PBXBuildFile; fileRef = 72686E127BF672A8D72FA19B /* Pods_LASDictionaryV2.framework */; };
		8C0A19C722DE4E1100F78E35 /* FavoritesDetailViewController.swift in Sources */ = {isa = PBXBuildFile; fileRef = 8C0A19C622DE4E1100F78E35 /* FavoritesDetailViewController.swift */; };
		8C6203EF22D8C2E2004D90FA /* UserDefaults.swift in Sources */ = {isa = PBXBuildFile; fileRef = 8C6203EE22D8C2E2004D90FA /* UserDefaults.swift */; };
		8C6EDC362226CF9000D370C0 /* AppDelegate.swift in Sources */ = {isa = PBXBuildFile; fileRef = 8C6EDC352226CF9000D370C0 /* AppDelegate.swift */; };
		8C6EDC3B2226CF9000D370C0 /* Main.storyboard in Resources */ = {isa = PBXBuildFile; fileRef = 8C6EDC392226CF9000D370C0 /* Main.storyboard */; };
		8C6EDC3D2226CF9100D370C0 /* Assets.xcassets in Resources */ = {isa = PBXBuildFile; fileRef = 8C6EDC3C2226CF9100D370C0 /* Assets.xcassets */; };
		8C6EDC402226CF9100D370C0 /* LaunchScreen.storyboard in Resources */ = {isa = PBXBuildFile; fileRef = 8C6EDC3E2226CF9100D370C0 /* LaunchScreen.storyboard */; };
		8C6EDC4C2226F28D00D370C0 /* Signs.swift in Sources */ = {isa = PBXBuildFile; fileRef = 8C6EDC4B2226F28D00D370C0 /* Signs.swift */; };
		8C6EDC5822271E1600D370C0 /* MainTableViewController.swift in Sources */ = {isa = PBXBuildFile; fileRef = 8C6EDC5722271E1600D370C0 /* MainTableViewController.swift */; };
		8C6EDC7D2228463500D370C0 /* SignTableViewCell.swift in Sources */ = {isa = PBXBuildFile; fileRef = 8C6EDC7C2228463500D370C0 /* SignTableViewCell.swift */; };
		8C6EDC7F22287BF200D370C0 /* DetailViewController.swift in Sources */ = {isa = PBXBuildFile; fileRef = 8C6EDC7E22287BF200D370C0 /* DetailViewController.swift */; };
		8C779B1122C50FC50070C1D0 /* FavoritesTableViewController.swift in Sources */ = {isa = PBXBuildFile; fileRef = 8C779B1022C50FC50070C1D0 /* FavoritesTableViewController.swift */; };
		8C94F68A2281B08200D7399E /* csvjson.json in Resources */ = {isa = PBXBuildFile; fileRef = 8C94F6892281B08200D7399E /* csvjson.json */; };
		8C96636F224BBE0F005D99A9 /* VideoCell.swift in Sources */ = {isa = PBXBuildFile; fileRef = 8C96636E224BBE0F005D99A9 /* VideoCell.swift */; };
		8CA177C82236A14E00192679 /* DictionaryTableViewController.swift in Sources */ = {isa = PBXBuildFile; fileRef = 8CA177C72236A14E00192679 /* DictionaryTableViewController.swift */; };
		8CA177CA2236A84000192679 /* DictionaryTableViewCell.swift in Sources */ = {isa = PBXBuildFile; fileRef = 8CA177C92236A84000192679 /* DictionaryTableViewCell.swift */; };
		8CAF5E9122C63FAE00D568A3 /* FavoritesTableViewCell.swift in Sources */ = {isa = PBXBuildFile; fileRef = 8CAF5E9022C63FAE00D568A3 /* FavoritesTableViewCell.swift */; };
		8CC2F6A2229EC92E00A2F053 /* VideoLauncher.swift in Sources */ = {isa = PBXBuildFile; fileRef = 8CC2F6A1229EC92E00A2F053 /* VideoLauncher.swift */; };
		8CC77C8F224A9E32000ACDEB /* GoogleService-Info.plist in Resources */ = {isa = PBXBuildFile; fileRef = 8CC77C8E224A9E32000ACDEB /* GoogleService-Info.plist */; };
		8CC77C91224AABC0000ACDEB /* VideoPlayerView.swift in Sources */ = {isa = PBXBuildFile; fileRef = 8CC77C90224AABC0000ACDEB /* VideoPlayerView.swift */; };
		8CD6B0A5225503E2002F60FC /* VideoView.swift in Sources */ = {isa = PBXBuildFile; fileRef = 8CD6B0A4225503E2002F60FC /* VideoView.swift */; };
		8CF4EC4C223A8D16004728A6 /* DictionaryDetailViewController.swift in Sources */ = {isa = PBXBuildFile; fileRef = 8CF4EC4B223A8D16004728A6 /* DictionaryDetailViewController.swift */; };
/* End PBXBuildFile section */

/* Begin PBXFileReference section */
		651D52F42EF1AC24EEBB76A2 /* Pods-LASDictionaryV2.release.xcconfig */ = {isa = PBXFileReference; includeInIndex = 1; lastKnownFileType = text.xcconfig; name = "Pods-LASDictionaryV2.release.xcconfig"; path = "Pods/Target Support Files/Pods-LASDictionaryV2/Pods-LASDictionaryV2.release.xcconfig"; sourceTree = "<group>"; };
		72686E127BF672A8D72FA19B /* Pods_LASDictionaryV2.framework */ = {isa = PBXFileReference; explicitFileType = wrapper.framework; includeInIndex = 0; path = Pods_LASDictionaryV2.framework; sourceTree = BUILT_PRODUCTS_DIR; };
		8C0A19C622DE4E1100F78E35 /* FavoritesDetailViewController.swift */ = {isa = PBXFileReference; lastKnownFileType = sourcecode.swift; path = FavoritesDetailViewController.swift; sourceTree = "<group>"; };
		8C6203EE22D8C2E2004D90FA /* UserDefaults.swift */ = {isa = PBXFileReference; lastKnownFileType = sourcecode.swift; path = UserDefaults.swift; sourceTree = "<group>"; };
		8C6EDC322226CF9000D370C0 /* LASDictionaryV2.app */ = {isa = PBXFileReference; explicitFileType = wrapper.application; includeInIndex = 0; path = LASDictionaryV2.app; sourceTree = BUILT_PRODUCTS_DIR; };
		8C6EDC352226CF9000D370C0 /* AppDelegate.swift */ = {isa = PBXFileReference; lastKnownFileType = sourcecode.swift; path = AppDelegate.swift; sourceTree = "<group>"; };
		8C6EDC3A2226CF9000D370C0 /* Base */ = {isa = PBXFileReference; lastKnownFileType = file.storyboard; name = Base; path = Base.lproj/Main.storyboard; sourceTree = "<group>"; };
		8C6EDC3C2226CF9100D370C0 /* Assets.xcassets */ = {isa = PBXFileReference; lastKnownFileType = folder.assetcatalog; path = Assets.xcassets; sourceTree = "<group>"; };
		8C6EDC3F2226CF9100D370C0 /* Base */ = {isa = PBXFileReference; lastKnownFileType = file.storyboard; name = Base; path = Base.lproj/LaunchScreen.storyboard; sourceTree = "<group>"; };
		8C6EDC412226CF9100D370C0 /* Info.plist */ = {isa = PBXFileReference; lastKnownFileType = text.plist.xml; path = Info.plist; sourceTree = "<group>"; };
		8C6EDC4B2226F28D00D370C0 /* Signs.swift */ = {isa = PBXFileReference; lastKnownFileType = sourcecode.swift; path = Signs.swift; sourceTree = "<group>"; };
		8C6EDC5722271E1600D370C0 /* MainTableViewController.swift */ = {isa = PBXFileReference; lastKnownFileType = sourcecode.swift; path = MainTableViewController.swift; sourceTree = "<group>"; };
		8C6EDC7C2228463500D370C0 /* SignTableViewCell.swift */ = {isa = PBXFileReference; lastKnownFileType = sourcecode.swift; path = SignTableViewCell.swift; sourceTree = "<group>"; };
		8C6EDC7E22287BF200D370C0 /* DetailViewController.swift */ = {isa = PBXFileReference; lastKnownFileType = sourcecode.swift; path = DetailViewController.swift; sourceTree = "<group>"; };
		8C779B1022C50FC50070C1D0 /* FavoritesTableViewController.swift */ = {isa = PBXFileReference; lastKnownFileType = sourcecode.swift; path = FavoritesTableViewController.swift; sourceTree = "<group>"; };
		8C94F6892281B08200D7399E /* csvjson.json */ = {isa = PBXFileReference; fileEncoding = 4; lastKnownFileType = text.json; path = csvjson.json; sourceTree = "<group>"; };
		8C96636E224BBE0F005D99A9 /* VideoCell.swift */ = {isa = PBXFileReference; lastKnownFileType = sourcecode.swift; path = VideoCell.swift; sourceTree = "<group>"; };
		8CA177C72236A14E00192679 /* DictionaryTableViewController.swift */ = {isa = PBXFileReference; lastKnownFileType = sourcecode.swift; path = DictionaryTableViewController.swift; sourceTree = "<group>"; };
		8CA177C92236A84000192679 /* DictionaryTableViewCell.swift */ = {isa = PBXFileReference; lastKnownFileType = sourcecode.swift; path = DictionaryTableViewCell.swift; sourceTree = "<group>"; };
		8CAF5E9022C63FAE00D568A3 /* FavoritesTableViewCell.swift */ = {isa = PBXFileReference; lastKnownFileType = sourcecode.swift; path = FavoritesTableViewCell.swift; sourceTree = "<group>"; };
		8CC2F6A1229EC92E00A2F053 /* VideoLauncher.swift */ = {isa = PBXFileReference; lastKnownFileType = sourcecode.swift; path = VideoLauncher.swift; sourceTree = "<group>"; };
		8CC77C8E224A9E32000ACDEB /* GoogleService-Info.plist */ = {isa = PBXFileReference; fileEncoding = 4; lastKnownFileType = text.plist.xml; path = "GoogleService-Info.plist"; sourceTree = "<group>"; };
		8CC77C90224AABC0000ACDEB /* VideoPlayerView.swift */ = {isa = PBXFileReference; lastKnownFileType = sourcecode.swift; path = VideoPlayerView.swift; sourceTree = "<group>"; };
		8CD6B0A4225503E2002F60FC /* VideoView.swift */ = {isa = PBXFileReference; lastKnownFileType = sourcecode.swift; path = VideoView.swift; sourceTree = "<group>"; };
		8CF4EC4B223A8D16004728A6 /* DictionaryDetailViewController.swift */ = {isa = PBXFileReference; lastKnownFileType = sourcecode.swift; path = DictionaryDetailViewController.swift; sourceTree = "<group>"; };
		B271764A32B4D5B13EBAE3BF /* Pods-LASDictionaryV2.debug.xcconfig */ = {isa = PBXFileReference; includeInIndex = 1; lastKnownFileType = text.xcconfig; name = "Pods-LASDictionaryV2.debug.xcconfig"; path = "Pods/Target Support Files/Pods-LASDictionaryV2/Pods-LASDictionaryV2.debug.xcconfig"; sourceTree = "<group>"; };
/* End PBXFileReference section */

/* Begin PBXFrameworksBuildPhase section */
		8C6EDC2F2226CF9000D370C0 /* Frameworks */ = {
			isa = PBXFrameworksBuildPhase;
			buildActionMask = 2147483647;
			files = (
				60DFB83F60A11F1457058050 /* Pods_LASDictionaryV2.framework in Frameworks */,
			);
			runOnlyForDeploymentPostprocessing = 0;
		};
/* End PBXFrameworksBuildPhase section */

/* Begin PBXGroup section */
		8C6203ED22D8C2CF004D90FA /* Extensions */ = {
			isa = PBXGroup;
			children = (
				8C6203EE22D8C2E2004D90FA /* UserDefaults.swift */,
			);
			path = Extensions;
			sourceTree = "<group>";
		};
		8C6EDC292226CF8F00D370C0 = {
			isa = PBXGroup;
			children = (
				8C6EDC342226CF9000D370C0 /* LASDictionaryV2 */,
				8C6EDC332226CF9000D370C0 /* Products */,
				B0F85F4051EC2E26EFAA10DE /* Pods */,
				F7565780A647262DD1F7AFB8 /* Frameworks */,
			);
			sourceTree = "<group>";
		};
		8C6EDC332226CF9000D370C0 /* Products */ = {
			isa = PBXGroup;
			children = (
				8C6EDC322226CF9000D370C0 /* LASDictionaryV2.app */,
			);
			name = Products;
			sourceTree = "<group>";
		};
		8C6EDC342226CF9000D370C0 /* LASDictionaryV2 */ = {
			isa = PBXGroup;
			children = (
				8C6203ED22D8C2CF004D90FA /* Extensions */,
				8CC2F6A0229EC91800A2F053 /* Helpers */,
				8C6EDC4A2226F27D00D370C0 /* Model */,
				8C6EDC472226F25600D370C0 /* Views */,
				8C8E93A5227CBCF400D928F5 /* Cells */,
				8C8E93A4227CBC7100D928F5 /* View Controllers */,
				8C6EDC352226CF9000D370C0 /* AppDelegate.swift */,
				8C6EDC392226CF9000D370C0 /* Main.storyboard */,
				8CC77C8E224A9E32000ACDEB /* GoogleService-Info.plist */,
				8C6EDC3E2226CF9100D370C0 /* LaunchScreen.storyboard */,
				8C6EDC412226CF9100D370C0 /* Info.plist */,
				8C6EDC3C2226CF9100D370C0 /* Assets.xcassets */,
				8C94F6892281B08200D7399E /* csvjson.json */,
			);
			path = LASDictionaryV2;
			sourceTree = "<group>";
		};
		8C6EDC472226F25600D370C0 /* Views */ = {
			isa = PBXGroup;
			children = (
				8CC77C90224AABC0000ACDEB /* VideoPlayerView.swift */,
				8CD6B0A4225503E2002F60FC /* VideoView.swift */,
			);
			path = Views;
			sourceTree = "<group>";
		};
		8C6EDC4A2226F27D00D370C0 /* Model */ = {
			isa = PBXGroup;
			children = (
				8C6EDC4B2226F28D00D370C0 /* Signs.swift */,
			);
			path = Model;
			sourceTree = "<group>";
		};
		8C8E93A4227CBC7100D928F5 /* View Controllers */ = {
			isa = PBXGroup;
			children = (
				8C6EDC7E22287BF200D370C0 /* DetailViewController.swift */,
				8CF4EC4B223A8D16004728A6 /* DictionaryDetailViewController.swift */,
				8CA177C72236A14E00192679 /* DictionaryTableViewController.swift */,
				8C6EDC5722271E1600D370C0 /* MainTableViewController.swift */,
				8C779B1022C50FC50070C1D0 /* FavoritesTableViewController.swift */,
				8C0A19C622DE4E1100F78E35 /* FavoritesDetailViewController.swift */,
			);
			path = "View Controllers";
			sourceTree = "<group>";
		};
		8C8E93A5227CBCF400D928F5 /* Cells */ = {
			isa = PBXGroup;
			children = (
				8C6EDC7C2228463500D370C0 /* SignTableViewCell.swift */,
				8CAF5E9022C63FAE00D568A3 /* FavoritesTableViewCell.swift */,
				8CA177C92236A84000192679 /* DictionaryTableViewCell.swift */,
				8C96636E224BBE0F005D99A9 /* VideoCell.swift */,
			);
			path = Cells;
			sourceTree = "<group>";
		};
		8CC2F6A0229EC91800A2F053 /* Helpers */ = {
			isa = PBXGroup;
			children = (
				8CC2F6A1229EC92E00A2F053 /* VideoLauncher.swift */,
			);
			path = Helpers;
			sourceTree = "<group>";
		};
		B0F85F4051EC2E26EFAA10DE /* Pods */ = {
			isa = PBXGroup;
			children = (
				B271764A32B4D5B13EBAE3BF /* Pods-LASDictionaryV2.debug.xcconfig */,
				651D52F42EF1AC24EEBB76A2 /* Pods-LASDictionaryV2.release.xcconfig */,
			);
			name = Pods;
			sourceTree = "<group>";
		};
		F7565780A647262DD1F7AFB8 /* Frameworks */ = {
			isa = PBXGroup;
			children = (
				72686E127BF672A8D72FA19B /* Pods_LASDictionaryV2.framework */,
			);
			name = Frameworks;
			sourceTree = "<group>";
		};
/* End PBXGroup section */

/* Begin PBXNativeTarget section */
		8C6EDC312226CF9000D370C0 /* LASDictionaryV2 */ = {
			isa = PBXNativeTarget;
			buildConfigurationList = 8C6EDC442226CF9100D370C0 /* Build configuration list for PBXNativeTarget "LASDictionaryV2" */;
			buildPhases = (
				6AF5D1CA1271BABB6E8B41C2 /* [CP] Check Pods Manifest.lock */,
				8C6EDC2E2226CF9000D370C0 /* Sources */,
				8C6EDC2F2226CF9000D370C0 /* Frameworks */,
				8C6EDC302226CF9000D370C0 /* Resources */,
				67A6CEBD91B620134A7B4B7D /* [CP] Embed Pods Frameworks */,
				031BA3F7FC046C1C995360A1 /* [CP] Copy Pods Resources */,
			);
			buildRules = (
			);
			dependencies = (
			);
			name = LASDictionaryV2;
			productName = LASDictionaryV2;
			productReference = 8C6EDC322226CF9000D370C0 /* LASDictionaryV2.app */;
			productType = "com.apple.product-type.application";
		};
/* End PBXNativeTarget section */

/* Begin PBXProject section */
		8C6EDC2A2226CF8F00D370C0 /* Project object */ = {
			isa = PBXProject;
			attributes = {
				LastSwiftUpdateCheck = 1010;
				LastUpgradeCheck = 1010;
				ORGANIZATIONNAME = LAS;
				TargetAttributes = {
					8C6EDC312226CF9000D370C0 = {
						CreatedOnToolsVersion = 10.1;
						LastSwiftMigration = 1020;
					};
				};
			};
			buildConfigurationList = 8C6EDC2D2226CF8F00D370C0 /* Build configuration list for PBXProject "LASDictionaryV2" */;
			compatibilityVersion = "Xcode 10.0";
			developmentRegion = en;
			hasScannedForEncodings = 0;
			knownRegions = (
				en,
				Base,
			);
			mainGroup = 8C6EDC292226CF8F00D370C0;
			productRefGroup = 8C6EDC332226CF9000D370C0 /* Products */;
			projectDirPath = "";
			projectRoot = "";
			targets = (
				8C6EDC312226CF9000D370C0 /* LASDictionaryV2 */,
			);
		};
/* End PBXProject section */

/* Begin PBXResourcesBuildPhase section */
		8C6EDC302226CF9000D370C0 /* Resources */ = {
			isa = PBXResourcesBuildPhase;
			buildActionMask = 2147483647;
			files = (
				8C94F68A2281B08200D7399E /* csvjson.json in Resources */,
				8C6EDC402226CF9100D370C0 /* LaunchScreen.storyboard in Resources */,
				8C6EDC3D2226CF9100D370C0 /* Assets.xcassets in Resources */,
				8CC77C8F224A9E32000ACDEB /* GoogleService-Info.plist in Resources */,
				8C6EDC3B2226CF9000D370C0 /* Main.storyboard in Resources */,
			);
			runOnlyForDeploymentPostprocessing = 0;
		};
/* End PBXResourcesBuildPhase section */

/* Begin PBXShellScriptBuildPhase section */
		031BA3F7FC046C1C995360A1 /* [CP] Copy Pods Resources */ = {
			isa = PBXShellScriptBuildPhase;
			buildActionMask = 2147483647;
			files = (
			);
			inputPaths = (
				"${SRCROOT}/Pods/Target Support Files/Pods-LASDictionaryV2/Pods-LASDictionaryV2-resources.sh",
				"${PODS_ROOT}/FirebaseInvites/Resources/GINInviteResources.bundle",
				"${PODS_ROOT}/FirebaseInvites/Resources/GPPACLPickerResources.bundle",
				"${PODS_ROOT}/GoogleSignIn/Resources/GoogleSignIn.bundle",
			);
			name = "[CP] Copy Pods Resources";
			outputPaths = (
				"${TARGET_BUILD_DIR}/${UNLOCALIZED_RESOURCES_FOLDER_PATH}/GINInviteResources.bundle",
				"${TARGET_BUILD_DIR}/${UNLOCALIZED_RESOURCES_FOLDER_PATH}/GPPACLPickerResources.bundle",
				"${TARGET_BUILD_DIR}/${UNLOCALIZED_RESOURCES_FOLDER_PATH}/GoogleSignIn.bundle",
			);
			runOnlyForDeploymentPostprocessing = 0;
			shellPath = /bin/sh;
			shellScript = "\"${SRCROOT}/Pods/Target Support Files/Pods-LASDictionaryV2/Pods-LASDictionaryV2-resources.sh\"\n";
			showEnvVarsInLog = 0;
		};
		67A6CEBD91B620134A7B4B7D /* [CP] Embed Pods Frameworks */ = {
			isa = PBXShellScriptBuildPhase;
			buildActionMask = 2147483647;
			files = (
			);
			inputPaths = (
				"${SRCROOT}/Pods/Target Support Files/Pods-LASDictionaryV2/Pods-LASDictionaryV2-frameworks.sh",
				"${BUILT_PRODUCTS_DIR}/GTMOAuth2/GTMOAuth2.framework",
				"${BUILT_PRODUCTS_DIR}/GTMSessionFetcher/GTMSessionFetcher.framework",
				"${BUILT_PRODUCTS_DIR}/GoogleAPIClientForREST/GoogleAPIClientForREST.framework",
				"${BUILT_PRODUCTS_DIR}/GoogleToolboxForMac/GoogleToolboxForMac.framework",
				"${BUILT_PRODUCTS_DIR}/GoogleUtilities/GoogleUtilities.framework",
				"${BUILT_PRODUCTS_DIR}/Protobuf/Protobuf.framework",
				"${BUILT_PRODUCTS_DIR}/SwiftyJSON/SwiftyJSON.framework",
				"${BUILT_PRODUCTS_DIR}/leveldb-library/leveldb.framework",
				"${BUILT_PRODUCTS_DIR}/nanopb/nanopb.framework",
			);
			name = "[CP] Embed Pods Frameworks";
			outputPaths = (
				"${TARGET_BUILD_DIR}/${FRAMEWORKS_FOLDER_PATH}/GTMOAuth2.framework",
				"${TARGET_BUILD_DIR}/${FRAMEWORKS_FOLDER_PATH}/GTMSessionFetcher.framework",
				"${TARGET_BUILD_DIR}/${FRAMEWORKS_FOLDER_PATH}/GoogleAPIClientForREST.framework",
				"${TARGET_BUILD_DIR}/${FRAMEWORKS_FOLDER_PATH}/GoogleToolboxForMac.framework",
				"${TARGET_BUILD_DIR}/${FRAMEWORKS_FOLDER_PATH}/GoogleUtilities.framework",
				"${TARGET_BUILD_DIR}/${FRAMEWORKS_FOLDER_PATH}/Protobuf.framework",
				"${TARGET_BUILD_DIR}/${FRAMEWORKS_FOLDER_PATH}/SwiftyJSON.framework",
				"${TARGET_BUILD_DIR}/${FRAMEWORKS_FOLDER_PATH}/leveldb.framework",
				"${TARGET_BUILD_DIR}/${FRAMEWORKS_FOLDER_PATH}/nanopb.framework",
			);
			runOnlyForDeploymentPostprocessing = 0;
			shellPath = /bin/sh;
			shellScript = "\"${SRCROOT}/Pods/Target Support Files/Pods-LASDictionaryV2/Pods-LASDictionaryV2-frameworks.sh\"\n";
			showEnvVarsInLog = 0;
		};
		6AF5D1CA1271BABB6E8B41C2 /* [CP] Check Pods Manifest.lock */ = {
			isa = PBXShellScriptBuildPhase;
			buildActionMask = 2147483647;
			files = (
			);
			inputPaths = (
				"${PODS_PODFILE_DIR_PATH}/Podfile.lock",
				"${PODS_ROOT}/Manifest.lock",
			);
			name = "[CP] Check Pods Manifest.lock";
			outputPaths = (
				"$(DERIVED_FILE_DIR)/Pods-LASDictionaryV2-checkManifestLockResult.txt",
			);
			runOnlyForDeploymentPostprocessing = 0;
			shellPath = /bin/sh;
			shellScript = "diff \"${PODS_PODFILE_DIR_PATH}/Podfile.lock\" \"${PODS_ROOT}/Manifest.lock\" > /dev/null\nif [ $? != 0 ] ; then\n    # print error to STDERR\n    echo \"error: The sandbox is not in sync with the Podfile.lock. Run 'pod install' or update your CocoaPods installation.\" >&2\n    exit 1\nfi\n# This output is used by Xcode 'outputs' to avoid re-running this script phase.\necho \"SUCCESS\" > \"${SCRIPT_OUTPUT_FILE_0}\"\n";
			showEnvVarsInLog = 0;
		};
/* End PBXShellScriptBuildPhase section */

/* Begin PBXSourcesBuildPhase section */
		8C6EDC2E2226CF9000D370C0 /* Sources */ = {
			isa = PBXSourcesBuildPhase;
			buildActionMask = 2147483647;
			files = (
				8CA177CA2236A84000192679 /* DictionaryTableViewCell.swift in Sources */,
				8C779B1122C50FC50070C1D0 /* FavoritesTableViewController.swift in Sources */,
				8C6EDC4C2226F28D00D370C0 /* Signs.swift in Sources */,
				8CA177C82236A14E00192679 /* DictionaryTableViewController.swift in Sources */,
				8C6EDC362226CF9000D370C0 /* AppDelegate.swift in Sources */,
				8C6EDC7D2228463500D370C0 /* SignTableViewCell.swift in Sources */,
				8C96636F224BBE0F005D99A9 /* VideoCell.swift in Sources */,
				8CD6B0A5225503E2002F60FC /* VideoView.swift in Sources */,
				8CC2F6A2229EC92E00A2F053 /* VideoLauncher.swift in Sources */,
				8C6EDC5822271E1600D370C0 /* MainTableViewController.swift in Sources */,
				8CF4EC4C223A8D16004728A6 /* DictionaryDetailViewController.swift in Sources */,
				8C0A19C722DE4E1100F78E35 /* FavoritesDetailViewController.swift in Sources */,
				8C6203EF22D8C2E2004D90FA /* UserDefaults.swift in Sources */,
				8C6EDC7F22287BF200D370C0 /* DetailViewController.swift in Sources */,
				8CC77C91224AABC0000ACDEB /* VideoPlayerView.swift in Sources */,
				8CAF5E9122C63FAE00D568A3 /* FavoritesTableViewCell.swift in Sources */,
			);
			runOnlyForDeploymentPostprocessing = 0;
		};
/* End PBXSourcesBuildPhase section */

/* Begin PBXVariantGroup section */
		8C6EDC392226CF9000D370C0 /* Main.storyboard */ = {
			isa = PBXVariantGroup;
			children = (
				8C6EDC3A2226CF9000D370C0 /* Base */,
			);
			name = Main.storyboard;
			sourceTree = "<group>";
		};
		8C6EDC3E2226CF9100D370C0 /* LaunchScreen.storyboard */ = {
			isa = PBXVariantGroup;
			children = (
				8C6EDC3F2226CF9100D370C0 /* Base */,
			);
			name = LaunchScreen.storyboard;
			sourceTree = "<group>";
		};
/* End PBXVariantGroup section */

/* Begin XCBuildConfiguration section */
		8C6EDC422226CF9100D370C0 /* Debug */ = {
			isa = XCBuildConfiguration;
			buildSettings = {
				ALWAYS_SEARCH_USER_PATHS = NO;
				CLANG_ANALYZER_NONNULL = YES;
				CLANG_ANALYZER_NUMBER_OBJECT_CONVERSION = YES_AGGRESSIVE;
				CLANG_CXX_LANGUAGE_STANDARD = "gnu++14";
				CLANG_CXX_LIBRARY = "libc++";
				CLANG_ENABLE_MODULES = YES;
				CLANG_ENABLE_OBJC_ARC = YES;
				CLANG_ENABLE_OBJC_WEAK = YES;
				CLANG_WARN_BLOCK_CAPTURE_AUTORELEASING = YES;
				CLANG_WARN_BOOL_CONVERSION = YES;
				CLANG_WARN_COMMA = YES;
				CLANG_WARN_CONSTANT_CONVERSION = YES;
				CLANG_WARN_DEPRECATED_OBJC_IMPLEMENTATIONS = YES;
				CLANG_WARN_DIRECT_OBJC_ISA_USAGE = YES_ERROR;
				CLANG_WARN_DOCUMENTATION_COMMENTS = YES;
				CLANG_WARN_EMPTY_BODY = YES;
				CLANG_WARN_ENUM_CONVERSION = YES;
				CLANG_WARN_INFINITE_RECURSION = YES;
				CLANG_WARN_INT_CONVERSION = YES;
				CLANG_WARN_NON_LITERAL_NULL_CONVERSION = YES;
				CLANG_WARN_OBJC_IMPLICIT_RETAIN_SELF = YES;
				CLANG_WARN_OBJC_LITERAL_CONVERSION = YES;
				CLANG_WARN_OBJC_ROOT_CLASS = YES_ERROR;
				CLANG_WARN_RANGE_LOOP_ANALYSIS = YES;
				CLANG_WARN_STRICT_PROTOTYPES = YES;
				CLANG_WARN_SUSPICIOUS_MOVE = YES;
				CLANG_WARN_UNGUARDED_AVAILABILITY = YES_AGGRESSIVE;
				CLANG_WARN_UNREACHABLE_CODE = YES;
				CLANG_WARN__DUPLICATE_METHOD_MATCH = YES;
				CODE_SIGN_IDENTITY = "iPhone Developer";
				COPY_PHASE_STRIP = NO;
				DEBUG_INFORMATION_FORMAT = dwarf;
				ENABLE_STRICT_OBJC_MSGSEND = YES;
				ENABLE_TESTABILITY = YES;
				GCC_C_LANGUAGE_STANDARD = gnu11;
				GCC_DYNAMIC_NO_PIC = NO;
				GCC_NO_COMMON_BLOCKS = YES;
				GCC_OPTIMIZATION_LEVEL = 0;
				GCC_PREPROCESSOR_DEFINITIONS = (
					"DEBUG=1",
					"$(inherited)",
				);
				GCC_WARN_64_TO_32_BIT_CONVERSION = YES;
				GCC_WARN_ABOUT_RETURN_TYPE = YES_ERROR;
				GCC_WARN_UNDECLARED_SELECTOR = YES;
				GCC_WARN_UNINITIALIZED_AUTOS = YES_AGGRESSIVE;
				GCC_WARN_UNUSED_FUNCTION = YES;
				GCC_WARN_UNUSED_VARIABLE = YES;
				IPHONEOS_DEPLOYMENT_TARGET = 11.2;
				MTL_ENABLE_DEBUG_INFO = INCLUDE_SOURCE;
				MTL_FAST_MATH = YES;
				ONLY_ACTIVE_ARCH = YES;
				SDKROOT = iphoneos;
				SWIFT_ACTIVE_COMPILATION_CONDITIONS = DEBUG;
				SWIFT_OPTIMIZATION_LEVEL = "-Onone";
				SWIFT_VERSION = 4.2;
			};
			name = Debug;
		};
		8C6EDC432226CF9100D370C0 /* Release */ = {
			isa = XCBuildConfiguration;
			buildSettings = {
				ALWAYS_SEARCH_USER_PATHS = NO;
				CLANG_ANALYZER_NONNULL = YES;
				CLANG_ANALYZER_NUMBER_OBJECT_CONVERSION = YES_AGGRESSIVE;
				CLANG_CXX_LANGUAGE_STANDARD = "gnu++14";
				CLANG_CXX_LIBRARY = "libc++";
				CLANG_ENABLE_MODULES = YES;
				CLANG_ENABLE_OBJC_ARC = YES;
				CLANG_ENABLE_OBJC_WEAK = YES;
				CLANG_WARN_BLOCK_CAPTURE_AUTORELEASING = YES;
				CLANG_WARN_BOOL_CONVERSION = YES;
				CLANG_WARN_COMMA = YES;
				CLANG_WARN_CONSTANT_CONVERSION = YES;
				CLANG_WARN_DEPRECATED_OBJC_IMPLEMENTATIONS = YES;
				CLANG_WARN_DIRECT_OBJC_ISA_USAGE = YES_ERROR;
				CLANG_WARN_DOCUMENTATION_COMMENTS = YES;
				CLANG_WARN_EMPTY_BODY = YES;
				CLANG_WARN_ENUM_CONVERSION = YES;
				CLANG_WARN_INFINITE_RECURSION = YES;
				CLANG_WARN_INT_CONVERSION = YES;
				CLANG_WARN_NON_LITERAL_NULL_CONVERSION = YES;
				CLANG_WARN_OBJC_IMPLICIT_RETAIN_SELF = YES;
				CLANG_WARN_OBJC_LITERAL_CONVERSION = YES;
				CLANG_WARN_OBJC_ROOT_CLASS = YES_ERROR;
				CLANG_WARN_RANGE_LOOP_ANALYSIS = YES;
				CLANG_WARN_STRICT_PROTOTYPES = YES;
				CLANG_WARN_SUSPICIOUS_MOVE = YES;
				CLANG_WARN_UNGUARDED_AVAILABILITY = YES_AGGRESSIVE;
				CLANG_WARN_UNREACHABLE_CODE = YES;
				CLANG_WARN__DUPLICATE_METHOD_MATCH = YES;
				CODE_SIGN_IDENTITY = "iPhone Developer";
				COPY_PHASE_STRIP = NO;
				DEBUG_INFORMATION_FORMAT = "dwarf-with-dsym";
				ENABLE_NS_ASSERTIONS = NO;
				ENABLE_STRICT_OBJC_MSGSEND = YES;
				GCC_C_LANGUAGE_STANDARD = gnu11;
				GCC_NO_COMMON_BLOCKS = YES;
				GCC_WARN_64_TO_32_BIT_CONVERSION = YES;
				GCC_WARN_ABOUT_RETURN_TYPE = YES_ERROR;
				GCC_WARN_UNDECLARED_SELECTOR = YES;
				GCC_WARN_UNINITIALIZED_AUTOS = YES_AGGRESSIVE;
				GCC_WARN_UNUSED_FUNCTION = YES;
				GCC_WARN_UNUSED_VARIABLE = YES;
				IPHONEOS_DEPLOYMENT_TARGET = 11.2;
				MTL_ENABLE_DEBUG_INFO = NO;
				MTL_FAST_MATH = YES;
				SDKROOT = iphoneos;
				SWIFT_COMPILATION_MODE = wholemodule;
				SWIFT_OPTIMIZATION_LEVEL = "-O";
				SWIFT_VERSION = 4.2;
				VALIDATE_PRODUCT = YES;
			};
			name = Release;
		};
		8C6EDC452226CF9100D370C0 /* Debug */ = {
			isa = XCBuildConfiguration;
			baseConfigurationReference = B271764A32B4D5B13EBAE3BF /* Pods-LASDictionaryV2.debug.xcconfig */;
			buildSettings = {
				ASSETCATALOG_COMPILER_APPICON_NAME = AppIcon;
				CODE_SIGN_STYLE = Automatic;
				DEVELOPMENT_TEAM = LLP3H85GZ9;
				INFOPLIST_FILE = LASDictionaryV2/Info.plist;
				IPHONEOS_DEPLOYMENT_TARGET = 11.2;
				LD_RUNPATH_SEARCH_PATHS = (
					"$(inherited)",
					"@executable_path/Frameworks",
				);
				PRODUCT_BUNDLE_IDENTIFIER = com.las.LASDictionaryV2;
				PRODUCT_NAME = "$(TARGET_NAME)";
				SWIFT_VERSION = 4.2;
				TARGETED_DEVICE_FAMILY = "1,2";
			};
			name = Debug;
		};
		8C6EDC462226CF9100D370C0 /* Release */ = {
			isa = XCBuildConfiguration;
			baseConfigurationReference = 651D52F42EF1AC24EEBB76A2 /* Pods-LASDictionaryV2.release.xcconfig */;
			buildSettings = {
				ASSETCATALOG_COMPILER_APPICON_NAME = AppIcon;
				CODE_SIGN_STYLE = Automatic;
				DEVELOPMENT_TEAM = LLP3H85GZ9;
				INFOPLIST_FILE = LASDictionaryV2/Info.plist;
				IPHONEOS_DEPLOYMENT_TARGET = 11.2;
				LD_RUNPATH_SEARCH_PATHS = (
					"$(inherited)",
					"@executable_path/Frameworks",
				);
				PRODUCT_BUNDLE_IDENTIFIER = com.las.LASDictionaryV2;
				PRODUCT_NAME = "$(TARGET_NAME)";
				SWIFT_VERSION = 4.2;
				TARGETED_DEVICE_FAMILY = "1,2";
			};
			name = Release;
		};
/* End XCBuildConfiguration section */

/* Begin XCConfigurationList section */
		8C6EDC2D2226CF8F00D370C0 /* Build configuration list for PBXProject "LASDictionaryV2" */ = {
			isa = XCConfigurationList;
			buildConfigurations = (
				8C6EDC422226CF9100D370C0 /* Debug */,
				8C6EDC432226CF9100D370C0 /* Release */,
			);
			defaultConfigurationIsVisible = 0;
			defaultConfigurationName = Release;
		};
		8C6EDC442226CF9100D370C0 /* Build configuration list for PBXNativeTarget "LASDictionaryV2" */ = {
			isa = XCConfigurationList;
			buildConfigurations = (
				8C6EDC452226CF9100D370C0 /* Debug */,
				8C6EDC462226CF9100D370C0 /* Release */,
			);
			defaultConfigurationIsVisible = 0;
			defaultConfigurationName = Release;
		};
/* End XCConfigurationList section */
	};
	rootObject = 8C6EDC2A2226CF8F00D370C0 /* Project object */;
}
